
Microsoft Visual Studio Solution File, Format Version 12.00
# Visual Studio Version 17
VisualStudioVersion = 17.5.002.0
MinimumVisualStudioVersion = 10.0.40219.1
Project("{2150E333-8FDC-42A3-9474-1A3956D46DE8}") = "lessons", "lessons", "{510321BD-CD69-4007-8476-FC590C94FE68}"
EndProject
Project("{9A19103F-16F7-4668-BE54-9A1E7A4F7556}") = "Example001_HelloConsole", "lessons\Example001_HelloConsole\Example001_HelloConsole.csproj", "{2CE2C48A-8E84-409F-99A7-50309BFF7524}"
EndProject
Project("{9A19103F-16F7-4668-BE54-9A1E7A4F7556}") = "Example002_HelloUser", "lessons\Example002_HelloUser\Example002_HelloUser.csproj", "{E2022107-8E36-40D7-B95D-F610433D359A}"
EndProject
Project("{9A19103F-16F7-4668-BE54-9A1E7A4F7556}") = "Example003_Sum", "lessons\Example003_Sum\Example003_Sum.csproj", "{C1AF20BF-E440-48A2-A503-AEF8A5CBEDB5}"
EndProject
Project("{9A19103F-16F7-4668-BE54-9A1E7A4F7556}") = "Example003_SumRandom", "lessons\Example003_SumRandom\Example003_SumRandom.csproj", "{5C1E20CE-E537-4208-BC04-D07ABB3BEE08}"
EndProject
Project("{9A19103F-16F7-4668-BE54-9A1E7A4F7556}") = "Example004_Div", "lessons\Example004_Div\Example004_Div.csproj", "{60E53E6D-8B0A-4753-BA3F-908B4503CF77}"
EndProject
Project("{9A19103F-16F7-4668-BE54-9A1E7A4F7556}") = "Example005_ConditionIfElse", "lessons\Example005_ConditionIfElse\Example005_ConditionIfElse.csproj", "{C5B28107-F8D8-4AFB-9D54-FAF8DFDABF2B}"
EndProject
Project("{9A19103F-16F7-4668-BE54-9A1E7A4F7556}") = "Example006_Base", "lessons\Example006_Base\Example006_Base.csproj", "{5BD24130-AD63-424B-BEEE-B2CC575224FF}"
EndProject
Project("{9A19103F-16F7-4668-BE54-9A1E7A4F7556}") = "Example007_Magic", "lessons\Example007_Magic\Example007_Magic.csproj", "{E145C938-6678-450E-8189-77F221C6EC5D}"
EndProject
Project("{9A19103F-16F7-4668-BE54-9A1E7A4F7556}") = "Example008_FriendsAndDog", "lessons\Example008_FriendsAndDog\Example008_FriendsAndDog.csproj", "{00D10CF2-E746-456D-BAAD-17EBF3F67C31}"
EndProject
Project("{9A19103F-16F7-4668-BE54-9A1E7A4F7556}") = "Example009_IntroMethod", "lessons\Example009_IntroMethod\Example009_IntroMethod.csproj", "{74EF7932-F301-47F0-9961-0544342ACEB4}"
EndProject
Project("{9A19103F-16F7-4668-BE54-9A1E7A4F7556}") = "Example009_OutroMethod", "lessons\Example009_OutroMethod\Example009_OutroMethod.csproj", "{737ABB17-3C0C-4F12-AE80-DFAE0C58FEEE}"
EndProject
Project("{9A19103F-16F7-4668-BE54-9A1E7A4F7556}") = "Example010_IntroArray", "lessons\Example010_IntroArray\Example010_IntroArray.csproj", "{13508069-81ED-4AB9-B9E9-53993D26C562}"
EndProject
Project("{9A19103F-16F7-4668-BE54-9A1E7A4F7556}") = "Example011_MethodArray", "lessons\Example011_MethodArray\Example011_MethodArray.csproj", "{A9012D95-2611-4B6B-B1A9-5D6905A55DEC}"
EndProject
Project("{9A19103F-16F7-4668-BE54-9A1E7A4F7556}") = "Example012_ArrayLibrary", "lessons\Example012_ArrayLibrary\Example012_ArrayLibrary.csproj", "{435E951F-9B91-4F8F-AE98-C963296B6C65}"
EndProject
Project("{9A19103F-16F7-4668-BE54-9A1E7A4F7556}") = "Example013_Methods", "lessons\Example013_Methods\Example013_Methods.csproj", "{D125C7F3-554F-4B0F-848B-173304EC816C}"
EndProject
Project("{9A19103F-16F7-4668-BE54-9A1E7A4F7556}") = "Example014_Multiplication_table", "lessons\Example014_Multiplication_table\Example014_Multiplication_table.csproj", "{FD028C49-AD91-42BA-83DA-570F2124D43F}"
EndProject
Project("{9A19103F-16F7-4668-BE54-9A1E7A4F7556}") = "Example015_work_with_text", "lessons\Example015_work_with_text\Example015_work_with_text.csproj", "{6B48F44B-719D-4D01-AD0A-B5CB14921A9A}"
EndProject
Project("{9A19103F-16F7-4668-BE54-9A1E7A4F7556}") = "Example016_array sorting", "lessons\Example016_array sorting\Example016_array sorting.csproj", "{F647B689-F3E4-4685-9B89-0AEA6E43C4EF}"
EndProject
Project("{9A19103F-16F7-4668-BE54-9A1E7A4F7556}") = "Example017_Matrix", "lessons\Example017_Matrix\Example017_Matrix.csproj", "{E3B839AD-99A1-47C1-AF39-47607F3AFC26}"
EndProject
Project("{9A19103F-16F7-4668-BE54-9A1E7A4F7556}") = "Example018_", "lessons\Example018_thumb_up\Example018_.csproj", "{37D06052-CD4E-4923-9865-A266C31595C6}"
EndProject
Project("{9A19103F-16F7-4668-BE54-9A1E7A4F7556}") = "Exsample019_Factorial", "lessons\Example019_Factorial\Exsample019_Factorial.csproj", "{7592D6AF-A65F-4DFF-8A0D-66E8F5780CDA}"
EndProject
Project("{9A19103F-16F7-4668-BE54-9A1E7A4F7556}") = "Example020_Fibonacci", "lessons\Example020_Fibonacci\Example020_Fibonacci.csproj", "{DA75D2D5-8448-46BD-BC36-76F5DFEC78B0}"
EndProject
Project("{9A19103F-16F7-4668-BE54-9A1E7A4F7556}") = "Example021_GameInTowers", "lessons\Example021_GameInTowers\Example021_GameInTowers.csproj", "{2380BE84-A1EF-44C6-BAB0-FA7C2ECB3C43}"
EndProject
Project("{9A19103F-16F7-4668-BE54-9A1E7A4F7556}") = "MyExample001_", "lessons\MyExample001_Average\MyExample001_.csproj", "{AD24DF08-E003-4745-B344-1D4EFB822B48}"
EndProject
Project("{9A19103F-16F7-4668-BE54-9A1E7A4F7556}") = "MyExample002_Factorial", "lessons\MyExample002_Factorial\MyExample002_Factorial.csproj", "{A6F2BA0A-60B8-4AEC-9240-E4B65C3B1BA3}"
EndProject
Project("{2150E333-8FDC-42A3-9474-1A3956D46DE8}") = "seminars", "seminars", "{B09474F1-CF85-459C-B7D1-6FA10A97F948}"
EndProject
Project("{9A19103F-16F7-4668-BE54-9A1E7A4F7556}") = "Draft", "seminars\Draft\Draft.csproj", "{C21FD530-D3BD-43DA-9E21-2DF995CAA1CD}"
EndProject
Project("{9A19103F-16F7-4668-BE54-9A1E7A4F7556}") = "Task_1", "seminars\Task_001\Task_1.csproj", "{DDAF4F3D-529E-4655-A8F1-6742A6A2AD6E}"
EndProject
Project("{9A19103F-16F7-4668-BE54-9A1E7A4F7556}") = "Task_2", "seminars\Task_002\Task_2.csproj", "{891E3796-F5ED-4485-B1D0-FA5C5BCC3EE5}"
EndProject
Project("{9A19103F-16F7-4668-BE54-9A1E7A4F7556}") = "Task_3", "seminars\Task_003\Task_3.csproj", "{6FC243B4-42B2-4E4F-BAA4-AF7190BCCD09}"
EndProject
Project("{9A19103F-16F7-4668-BE54-9A1E7A4F7556}") = "Task_4", "seminars\Task_004\Task_4.csproj", "{11448B42-29C4-4EAE-9FA5-AFEE0BC84B7E}"
EndProject
Project("{9A19103F-16F7-4668-BE54-9A1E7A4F7556}") = "Task_5", "seminars\Task_005\Task_5.csproj", "{EBF5E74A-C93E-4CF8-9294-C5371050B880}"
EndProject
Project("{9A19103F-16F7-4668-BE54-9A1E7A4F7556}") = "Task_6", "seminars\Task_006\Task_6.csproj", "{EB28DB6D-D470-4C68-A401-23C1FA54BA8B}"
EndProject
Project("{9A19103F-16F7-4668-BE54-9A1E7A4F7556}") = "Task_6.1", "seminars\Task_006.1\Task_6.1.csproj", "{6A1599CB-442F-417B-97D4-D1F7928EFE2F}"
EndProject
Project("{9A19103F-16F7-4668-BE54-9A1E7A4F7556}") = "Task_7", "seminars\Task_007\Task_7.csproj", "{BFD7B76A-35D8-45D7-BD7F-A73F855C6D55}"
EndProject
Project("{9A19103F-16F7-4668-BE54-9A1E7A4F7556}") = "Task_8", "seminars\Task_008\Task_8.csproj", "{6187E566-9840-4B79-B519-54C986D8C7DF}"
EndProject
Project("{9A19103F-16F7-4668-BE54-9A1E7A4F7556}") = "Task_9", "seminars\Task_009\Task_9.csproj", "{AE416E1B-771D-4E6C-8277-5B5D1241E771}"
EndProject
Project("{9A19103F-16F7-4668-BE54-9A1E7A4F7556}") = "Task_10", "seminars\Task_010\Task_10.csproj", "{25E98A00-9FEE-4F4D-9D49-D0C908CCC913}"
EndProject
Project("{9A19103F-16F7-4668-BE54-9A1E7A4F7556}") = "Task_11", "seminars\Task_011\Task_11.csproj", "{F6DA9F9C-5239-4CB3-B62A-5FD1785DD33B}"
EndProject
Project("{9A19103F-16F7-4668-BE54-9A1E7A4F7556}") = "Task_12", "seminars\Task_012\Task_12.csproj", "{170A0DE2-2396-421B-9818-0AA5DC7A64EA}"
EndProject
Project("{9A19103F-16F7-4668-BE54-9A1E7A4F7556}") = "Task_12.1", "seminars\Task_012.1\Task_12.1.csproj", "{EA7A5D58-F609-4438-8FEC-6FAF59481140}"
EndProject
Project("{9A19103F-16F7-4668-BE54-9A1E7A4F7556}") = "Task_13", "seminars\Task_013\Task_13.csproj", "{D689CF0C-F824-4A50-9A84-40FF390D0B51}"
EndProject
Project("{9A19103F-16F7-4668-BE54-9A1E7A4F7556}") = "Task_14", "seminars\Task_014\Task_14.csproj", "{A151509E-9309-46B3-A013-717BE484672B}"
EndProject
Project("{9A19103F-16F7-4668-BE54-9A1E7A4F7556}") = "Task_14.1", "seminars\Task_014.1\Task_14.1.csproj", "{02DEABBA-5FD5-47E2-83E9-71E479368C80}"
EndProject
Project("{9A19103F-16F7-4668-BE54-9A1E7A4F7556}") = "Task_14.2", "seminars\Task_014.2\Task_14.2.csproj", "{1A7F678C-BDC2-47A1-8A77-FAE3B2551574}"
EndProject
Project("{9A19103F-16F7-4668-BE54-9A1E7A4F7556}") = "Task_15", "seminars\Task_015\Task_15.csproj", "{5C224EE0-AE7B-46C4-823B-2AA7D1A534A9}"
EndProject
Project("{9A19103F-16F7-4668-BE54-9A1E7A4F7556}") = "Task_15.1", "seminars\Task_015.1\Task_15.1.csproj", "{40744DBF-3125-4F1C-A805-95E84ACBD967}"
EndProject
Project("{9A19103F-16F7-4668-BE54-9A1E7A4F7556}") = "Task_16", "seminars\Task_016\Task_16.csproj", "{9905B50A-4094-4981-99A4-3B1F332E0878}"
EndProject
Project("{9A19103F-16F7-4668-BE54-9A1E7A4F7556}") = "Task_16_func", "seminars\Task_016_func\Task_16_func.csproj", "{92A6A2C4-3A89-4A78-9DC9-B78E6AC49565}"
EndProject
Project("{9A19103F-16F7-4668-BE54-9A1E7A4F7556}") = "Task_17", "seminars\Task_017\Task_17.csproj", "{4E550BFC-1D4B-4D5C-9B4C-446B96DE3269}"
EndProject
Project("{9A19103F-16F7-4668-BE54-9A1E7A4F7556}") = "Task_17_func", "seminars\Task_017_func\Task_17_func.csproj", "{44BC54DD-02B1-46D3-8F6C-AEEC9184494F}"
EndProject
Project("{9A19103F-16F7-4668-BE54-9A1E7A4F7556}") = "Task_17_lite", "seminars\Task_017_lite\Task_17_lite.csproj", "{2483DC82-625F-4B59-B707-4BEC95B42928}"
EndProject
Project("{9A19103F-16F7-4668-BE54-9A1E7A4F7556}") = "Task_18", "seminars\Task_018\Task_18.csproj", "{D853ED06-7955-4FC5-ABD6-2A576E646BDA}"
EndProject
Project("{9A19103F-16F7-4668-BE54-9A1E7A4F7556}") = "Task_19", "seminars\Task_019\Task_19.csproj", "{EF6EEFE9-9F4E-4D0A-9A7E-EB0A3E372CDD}"
EndProject
Project("{9A19103F-16F7-4668-BE54-9A1E7A4F7556}") = "Task_20", "seminars\Task_020\Task_20.csproj", "{241BB52D-9205-457D-BE11-CE4693CC7BA7}"
EndProject
Project("{9A19103F-16F7-4668-BE54-9A1E7A4F7556}") = "Task_20_main_func", "seminars\Task_020_main_func\Task_20_main_func.csproj", "{27FCDA23-9B09-4CA7-819E-CF835CE18E7B}"
EndProject
Project("{9A19103F-16F7-4668-BE54-9A1E7A4F7556}") = "Task_21", "seminars\Task_021\Task_21.csproj", "{DE66B2AE-0FD5-4E4B-B347-41AB7747A014}"
EndProject
Project("{9A19103F-16F7-4668-BE54-9A1E7A4F7556}") = "Task_22", "seminars\Task_022\Task_22.csproj", "{DC27236D-7124-431A-B738-757B5CB8A3FC}"
EndProject
Project("{9A19103F-16F7-4668-BE54-9A1E7A4F7556}") = "Task_23", "seminars\Task_023\Task_23.csproj", "{7A9DF7C2-09AB-4550-9068-11941EE52179}"
EndProject
Project("{9A19103F-16F7-4668-BE54-9A1E7A4F7556}") = "Task_24", "seminars\Task_024\Task_24.csproj", "{D0AA6602-1278-44DD-BFFD-62A5ABC290DD}"
EndProject
Project("{9A19103F-16F7-4668-BE54-9A1E7A4F7556}") = "Task_25", "seminars\Task_025\Task_25.csproj", "{AEEDAC1A-061B-4A40-BF27-A3A3A7A90C31}"
EndProject
Project("{9A19103F-16F7-4668-BE54-9A1E7A4F7556}") = "Task_26", "seminars\Task_026\Task_26.csproj", "{28744484-BF49-4EE3-953F-D7F4E1E69A95}"
EndProject
Project("{9A19103F-16F7-4668-BE54-9A1E7A4F7556}") = "Task_27", "seminars\Task_027\Task_27.csproj", "{B1B487C2-8F4A-41B0-9D55-56F68CD33F43}"
EndProject
Project("{9A19103F-16F7-4668-BE54-9A1E7A4F7556}") = "Task_27_var2", "seminars\Task_027_var2\Task_27_var2.csproj", "{2DD58451-8F30-42C1-9571-C54F2C5CC092}"
EndProject
Project("{9A19103F-16F7-4668-BE54-9A1E7A4F7556}") = "Task_28", "seminars\Task_028\Task_28.csproj", "{EB086115-932C-466F-B6AD-AF918BBCF42E}"
EndProject
Project("{9A19103F-16F7-4668-BE54-9A1E7A4F7556}") = "Task_29", "seminars\Task_029\Task_29.csproj", "{3F26D5B5-49F8-4956-AB79-21032CCBABDB}"
EndProject
Project("{9A19103F-16F7-4668-BE54-9A1E7A4F7556}") = "Task_30", "seminars\Task_030\Task_30.csproj", "{CAEF677F-FE1A-4A25-A137-FE9ECADDE08A}"
EndProject
Project("{9A19103F-16F7-4668-BE54-9A1E7A4F7556}") = "Task_31", "seminars\Task_031\Task_31.csproj", "{9FB50404-FF27-49D1-905B-72DD2CD2E34C}"
EndProject
Project("{9A19103F-16F7-4668-BE54-9A1E7A4F7556}") = "Task_31_var2", "seminars\Task_031_var2\Task_31_var2.csproj", "{F00FFF77-6B5B-41F9-80DC-2F5509775774}"
EndProject
Project("{9A19103F-16F7-4668-BE54-9A1E7A4F7556}") = "Task_32", "seminars\Task_032\Task_32.csproj", "{1E172239-B5B4-45F4-A399-4782A54684B5}"
EndProject
Project("{9A19103F-16F7-4668-BE54-9A1E7A4F7556}") = "Task_33", "seminars\Task_033\Task_33.csproj", "{4DDB71B8-51E1-4494-B8FE-23AA53D22952}"
EndProject
Project("{9A19103F-16F7-4668-BE54-9A1E7A4F7556}") = "Task_34", "seminars\Task_034\Task_34.csproj", "{9E2406FA-631E-492B-9C63-DEB8ED9EB400}"
EndProject
Project("{9A19103F-16F7-4668-BE54-9A1E7A4F7556}") = "Task_35_1", "seminars\Task_035_1\Task_35_1.csproj", "{4A798925-DFF3-4795-940A-5F86C88BDC34}"
EndProject
Project("{9A19103F-16F7-4668-BE54-9A1E7A4F7556}") = "Task_35_2", "seminars\Task_035_2\Task_35_2.csproj", "{9E6C7A11-ADE8-4216-A13B-6D42B6E60297}"
EndProject
Project("{9A19103F-16F7-4668-BE54-9A1E7A4F7556}") = "Task_36", "seminars\Task_036\Task_36.csproj", "{A97D20F1-FBF5-451D-9884-58E68153C64B}"
EndProject
Project("{9A19103F-16F7-4668-BE54-9A1E7A4F7556}") = "Task_37", "seminars\Task_037\Task_37.csproj", "{EE8EB0F2-1975-46FA-8975-FEE9982031F8}"
EndProject
Project("{9A19103F-16F7-4668-BE54-9A1E7A4F7556}") = "Task_38", "seminars\Task_038\Task_38.csproj", "{4A705548-1947-4C22-8CAC-567E9C267979}"
EndProject
Project("{9A19103F-16F7-4668-BE54-9A1E7A4F7556}") = "Task_39", "seminars\Task_039\Task_39.csproj", "{0696FB15-2672-4BE9-A781-1BE528449F51}"
EndProject
Project("{9A19103F-16F7-4668-BE54-9A1E7A4F7556}") = "Task_40", "seminars\Task_040\Task_40.csproj", "{7FD21A96-5568-4945-8DC6-9C6FE9D03E15}"
EndProject
Project("{2150E333-8FDC-42A3-9474-1A3956D46DE8}") = "homeworks", "homeworks", "{2A7C759B-416F-4983-B9C5-604FFF67E571}"
EndProject
Project("{2150E333-8FDC-42A3-9474-1A3956D46DE8}") = "Homework_001", "Homework_001", "{D7394405-2372-4046-9FFC-2F1EA6926010}"
EndProject
Project("{2150E333-8FDC-42A3-9474-1A3956D46DE8}") = "Tasks", "Tasks", "{AC27F813-7B9D-4A79-98D0-0C4AA7046E77}"
EndProject
Project("{9A19103F-16F7-4668-BE54-9A1E7A4F7556}") = "Task_2", "homeworks\Homework_001\Tasks\Task_2\Task_2.csproj", "{F3B95846-A64C-4917-880D-6D920CC24F2B}"
EndProject
Project("{9A19103F-16F7-4668-BE54-9A1E7A4F7556}") = "Task_4", "homeworks\Homework_001\Tasks\Task_4\Task_4.csproj", "{3DD1A700-E5D7-4BAA-BD37-E41F6409EE76}"
EndProject
Project("{9A19103F-16F7-4668-BE54-9A1E7A4F7556}") = "Task_6", "homeworks\Homework_001\Tasks\Task_6\Task_6.csproj", "{6C646D16-6804-491E-BD38-3E2219DF0812}"
EndProject
Project("{9A19103F-16F7-4668-BE54-9A1E7A4F7556}") = "Task_8", "homeworks\Homework_001\Tasks\Task_8\Task_8.csproj", "{A6338140-FCC1-461B-A3B3-D93CE8332032}"
EndProject
Project("{2150E333-8FDC-42A3-9474-1A3956D46DE8}") = "Homework_002", "Homework_002", "{D6F10E85-83F7-43E7-AFA8-DDEB1708C789}"
EndProject
Project("{2150E333-8FDC-42A3-9474-1A3956D46DE8}") = "Tasks", "Tasks", "{4E6B413D-98AE-4DF7-9E5F-7A602148262F}"
EndProject
Project("{9A19103F-16F7-4668-BE54-9A1E7A4F7556}") = "Task_10", "homeworks\Homework_002\Tasks\Task_10\Task_10.csproj", "{D901E21E-3C48-4E76-A76B-84F5BD2927F3}"
EndProject
Project("{9A19103F-16F7-4668-BE54-9A1E7A4F7556}") = "Task_13", "homeworks\Homework_002\Tasks\Task_13\Task_13.csproj", "{20FF80FA-5A68-447D-9185-408D5D4598BC}"
EndProject
Project("{9A19103F-16F7-4668-BE54-9A1E7A4F7556}") = "Task_15", "homeworks\Homework_002\Tasks\Task_15\Task_15.csproj", "{2EFBD9A9-C236-4A40-A850-2F61F4130A67}"
EndProject
Project("{2150E333-8FDC-42A3-9474-1A3956D46DE8}") = "Homework_003", "Homework_003", "{960EA1AA-A665-401F-8CC6-42EC98E24F3C}"
EndProject
Project("{2150E333-8FDC-42A3-9474-1A3956D46DE8}") = "Tasks", "Tasks", "{26F4E7EE-D3FF-4B43-8DA7-EA1B8E7EC9BD}"
EndProject
Project("{9A19103F-16F7-4668-BE54-9A1E7A4F7556}") = "Task_001", "homeworks\Homework_003\Tasks\Task_001\Task_001.csproj", "{F49CDD79-C4C6-4069-AE75-701998BC2ED6}"
EndProject
Project("{9A19103F-16F7-4668-BE54-9A1E7A4F7556}") = "Task_002", "homeworks\Homework_003\Tasks\Task_002_1\Task_002.csproj", "{0706FA5D-16B0-4D36-8409-26C2113E13FB}"
EndProject
Project("{9A19103F-16F7-4668-BE54-9A1E7A4F7556}") = "Task_002_2", "homeworks\Homework_003\Tasks\Task_002_2\Task_002_2.csproj", "{EE6375A5-3061-4BF6-A40E-261F4BB2B7DC}"
EndProject
Project("{9A19103F-16F7-4668-BE54-9A1E7A4F7556}") = "Task_003_for", "homeworks\Homework_003\Tasks\Task_003_for\Task_003_for.csproj", "{E2800B47-35B5-4492-A694-6CECDA5B5D96}"
EndProject
Project("{9A19103F-16F7-4668-BE54-9A1E7A4F7556}") = "Task_003", "homeworks\Homework_003\Tasks\Task_003_while\Task_003.csproj", "{39477673-1525-47EE-8E12-36C7DC83FA70}"
EndProject
Project("{2150E333-8FDC-42A3-9474-1A3956D46DE8}") = "Homework_004", "Homework_004", "{5FC9AEC8-D4EB-4CD6-AF36-2B4227B5FCF0}"
EndProject
Project("{2150E333-8FDC-42A3-9474-1A3956D46DE8}") = "Tasks", "Tasks", "{3E92AD7C-E49E-449D-BAEA-A140205C1DBA}"
EndProject
Project("{9A19103F-16F7-4668-BE54-9A1E7A4F7556}") = "Task_001", "homeworks\Homework_004\Tasks\Task_001\Task_001.csproj", "{9340D487-6ED5-4D6D-9CD8-C909AAE2DF16}"
EndProject
Project("{9A19103F-16F7-4668-BE54-9A1E7A4F7556}") = "Task_002", "homeworks\Homework_004\Tasks\Task_002\Task_002.csproj", "{8A074D8D-E3CB-4EAE-B134-6E105E41F01F}"
EndProject
Project("{9A19103F-16F7-4668-BE54-9A1E7A4F7556}") = "Task_003", "homeworks\Homework_004\Tasks\Task_003\Task_003.csproj", "{EA0F82CB-D4C6-4C5A-A312-5A07F6FFFD32}"
EndProject
Project("{2150E333-8FDC-42A3-9474-1A3956D46DE8}") = "Homework_005", "Homework_005", "{11DDB400-5F60-4C47-A56C-F2B9C70AD221}"
EndProject
Project("{2150E333-8FDC-42A3-9474-1A3956D46DE8}") = "Tasks", "Tasks", "{0C8858DC-CA2B-46A7-B4B2-D78E0B5E159B}"
EndProject
Project("{9A19103F-16F7-4668-BE54-9A1E7A4F7556}") = "Task_034", "homeworks\Homework_005\Tasks\Task_034\Task_034.csproj", "{0C780847-5DB3-428D-B3AD-7653B5686554}"
EndProject
Project("{9A19103F-16F7-4668-BE54-9A1E7A4F7556}") = "Task_035", "homeworks\Homework_005\Tasks\Task_035\Task_035.csproj", "{81C08A79-49EE-4AE9-ACBB-871CE9AA9039}"
EndProject
Project("{9A19103F-16F7-4668-BE54-9A1E7A4F7556}") = "Task_036", "homeworks\Homework_005\Tasks\Task_036\Task_036.csproj", "{0D656385-30A9-4B26-9AAE-9F510CB73A42}"
EndProject
Project("{9A19103F-16F7-4668-BE54-9A1E7A4F7556}") = "Task_038", "homeworks\Homework_005\Tasks\Task_038\Task_038.csproj", "{2E8F8F21-CA9E-481D-BAB9-51A2D52306DC}"
EndProject
Project("{2150E333-8FDC-42A3-9474-1A3956D46DE8}") = "Homework_006", "Homework_006", "{E8A1666D-2131-4A15-9715-DA0E2A0D5F65}"
EndProject
Project("{2150E333-8FDC-42A3-9474-1A3956D46DE8}") = "Tasks", "Tasks", "{2551FBDD-96A7-48E4-9BB5-E2869A75B6D0}"
EndProject
Project("{9A19103F-16F7-4668-BE54-9A1E7A4F7556}") = "Task_41", "homeworks\Homework_006\Tasks\Task_41\Task_41.csproj", "{C90EB884-B98C-41F6-AD72-87BA0BBCF298}"
EndProject
Project("{9A19103F-16F7-4668-BE54-9A1E7A4F7556}") = "Task_43", "homeworks\Homework_006\Tasks\Task_43\Task_43.csproj", "{8E52FD66-4A06-45DF-AA17-6680F1C7DB8C}"
EndProject
Project("{2150E333-8FDC-42A3-9474-1A3956D46DE8}") = "Homework_007", "Homework_007", "{F9FD3989-1CD5-4A94-A033-F4273BD9B012}"
EndProject
Project("{2150E333-8FDC-42A3-9474-1A3956D46DE8}") = "Tasks", "Tasks", "{F54525C0-7821-4564-A54E-B8CE3642B8F1}"
EndProject
Project("{9A19103F-16F7-4668-BE54-9A1E7A4F7556}") = "Task_47", "homeworks\Homework_007\Tasks\Task_47\Task_47.csproj", "{DF63A06B-26DB-42FE-845F-22868EDF552C}"
EndProject
Project("{9A19103F-16F7-4668-BE54-9A1E7A4F7556}") = "Task_47_with_user", "homeworks\Homework_007\Tasks\Task_47_with_user\Task_47_with_user.csproj", "{D883DD47-A8CD-42A5-B1CE-15A88F5FCFDF}"
EndProject
Project("{9A19103F-16F7-4668-BE54-9A1E7A4F7556}") = "Task_50", "homeworks\Homework_007\Tasks\Task_50\Task_50.csproj", "{A4BF5BEB-6D24-479D-BCB1-32D5DE035B25}"
EndProject
Project("{9A19103F-16F7-4668-BE54-9A1E7A4F7556}") = "Task_52", "homeworks\Homework_007\Tasks\Task_52\Task_52.csproj", "{92BCE870-0C2D-43AE-8424-1C43BA74AB44}"
EndProject
Project("{2150E333-8FDC-42A3-9474-1A3956D46DE8}") = "Homework_008", "Homework_008", "{BE39C778-9670-41DE-91F4-E08366D59E8C}"
EndProject
Project("{2150E333-8FDC-42A3-9474-1A3956D46DE8}") = "Tasks", "Tasks", "{07CE775E-FB2D-4234-ACB0-5C79AC41FB65}"
EndProject
Project("{9A19103F-16F7-4668-BE54-9A1E7A4F7556}") = "Task_54", "homeworks\Homework_008\Tasks\Task_54\Task_54.csproj", "{99344464-475F-42A1-A328-595D7EC8B85B}"
EndProject
Project("{9A19103F-16F7-4668-BE54-9A1E7A4F7556}") = "Task_56", "homeworks\Homework_008\Tasks\Task_56\Task_56.csproj", "{583852D3-CC7D-482F-A614-EB3AE712ACD7}"
EndProject
Project("{9A19103F-16F7-4668-BE54-9A1E7A4F7556}") = "Task_58", "homeworks\Homework_008\Tasks\Task_58\Task_58.csproj", "{6AB7447F-FC0A-4053-A636-D2304A5A6E07}"
EndProject
Project("{9A19103F-16F7-4668-BE54-9A1E7A4F7556}") = "Task_60", "homeworks\Homework_008\Tasks\Task_60\Task_60.csproj", "{280489DE-B6FB-4AD1-9592-EAE1D494E54C}"
EndProject
Project("{9A19103F-16F7-4668-BE54-9A1E7A4F7556}") = "Task_60_folse", "homeworks\Homework_008\Tasks\Task_60_false\Task_60_folse.csproj", "{6C5B38F0-0468-4DC3-A189-38A82B37879E}"
EndProject
Project("{9A19103F-16F7-4668-BE54-9A1E7A4F7556}") = "Task_60_true", "homeworks\Homework_008\Tasks\Task_60_true\Task_60_true.csproj", "{B2D01176-F67C-4CEA-839B-11C5F25EC7AA}"
EndProject
Project("{9A19103F-16F7-4668-BE54-9A1E7A4F7556}") = "Task_62", "homeworks\Homework_008\Tasks\Task_62\Task_62.csproj", "{B81D18D4-077F-43CC-BF22-B56C21B5CDA8}"
EndProject
Project("{2150E333-8FDC-42A3-9474-1A3956D46DE8}") = "Homework_009", "Homework_009", "{E10802FD-F34A-4266-978B-5E12B5F146A5}"
EndProject
Project("{2150E333-8FDC-42A3-9474-1A3956D46DE8}") = "Tasks", "Tasks", "{F509F681-A309-4B0F-939E-2F15158573B4}"
EndProject
Project("{9A19103F-16F7-4668-BE54-9A1E7A4F7556}") = "Task_66", "homeworks\Homework_009\Tasks\Task_66\Task_66.csproj", "{30B9CCD7-36DF-4765-992C-55831F581AF3}"
EndProject
Project("{9A19103F-16F7-4668-BE54-9A1E7A4F7556}") = "Task_68", "homeworks\Homework_009\Tasks\Task_68\Task_68.csproj", "{0CBD8437-85DB-4DF2-8081-CDB9D39386C3}"
EndProject
Global
	GlobalSection(SolutionConfigurationPlatforms) = preSolution
		Debug|Any CPU = Debug|Any CPU
		Release|Any CPU = Release|Any CPU
	EndGlobalSection
	GlobalSection(ProjectConfigurationPlatforms) = postSolution
		{2CE2C48A-8E84-409F-99A7-50309BFF7524}.Debug|Any CPU.ActiveCfg = Debug|Any CPU
		{2CE2C48A-8E84-409F-99A7-50309BFF7524}.Debug|Any CPU.Build.0 = Debug|Any CPU
		{2CE2C48A-8E84-409F-99A7-50309BFF7524}.Release|Any CPU.ActiveCfg = Release|Any CPU
		{2CE2C48A-8E84-409F-99A7-50309BFF7524}.Release|Any CPU.Build.0 = Release|Any CPU
		{E2022107-8E36-40D7-B95D-F610433D359A}.Debug|Any CPU.ActiveCfg = Debug|Any CPU
		{E2022107-8E36-40D7-B95D-F610433D359A}.Debug|Any CPU.Build.0 = Debug|Any CPU
		{E2022107-8E36-40D7-B95D-F610433D359A}.Release|Any CPU.ActiveCfg = Release|Any CPU
		{E2022107-8E36-40D7-B95D-F610433D359A}.Release|Any CPU.Build.0 = Release|Any CPU
		{C1AF20BF-E440-48A2-A503-AEF8A5CBEDB5}.Debug|Any CPU.ActiveCfg = Debug|Any CPU
		{C1AF20BF-E440-48A2-A503-AEF8A5CBEDB5}.Debug|Any CPU.Build.0 = Debug|Any CPU
		{C1AF20BF-E440-48A2-A503-AEF8A5CBEDB5}.Release|Any CPU.ActiveCfg = Release|Any CPU
		{C1AF20BF-E440-48A2-A503-AEF8A5CBEDB5}.Release|Any CPU.Build.0 = Release|Any CPU
		{5C1E20CE-E537-4208-BC04-D07ABB3BEE08}.Debug|Any CPU.ActiveCfg = Debug|Any CPU
		{5C1E20CE-E537-4208-BC04-D07ABB3BEE08}.Debug|Any CPU.Build.0 = Debug|Any CPU
		{5C1E20CE-E537-4208-BC04-D07ABB3BEE08}.Release|Any CPU.ActiveCfg = Release|Any CPU
		{5C1E20CE-E537-4208-BC04-D07ABB3BEE08}.Release|Any CPU.Build.0 = Release|Any CPU
		{60E53E6D-8B0A-4753-BA3F-908B4503CF77}.Debug|Any CPU.ActiveCfg = Debug|Any CPU
		{60E53E6D-8B0A-4753-BA3F-908B4503CF77}.Debug|Any CPU.Build.0 = Debug|Any CPU
		{60E53E6D-8B0A-4753-BA3F-908B4503CF77}.Release|Any CPU.ActiveCfg = Release|Any CPU
		{60E53E6D-8B0A-4753-BA3F-908B4503CF77}.Release|Any CPU.Build.0 = Release|Any CPU
		{C5B28107-F8D8-4AFB-9D54-FAF8DFDABF2B}.Debug|Any CPU.ActiveCfg = Debug|Any CPU
		{C5B28107-F8D8-4AFB-9D54-FAF8DFDABF2B}.Debug|Any CPU.Build.0 = Debug|Any CPU
		{C5B28107-F8D8-4AFB-9D54-FAF8DFDABF2B}.Release|Any CPU.ActiveCfg = Release|Any CPU
		{C5B28107-F8D8-4AFB-9D54-FAF8DFDABF2B}.Release|Any CPU.Build.0 = Release|Any CPU
		{5BD24130-AD63-424B-BEEE-B2CC575224FF}.Debug|Any CPU.ActiveCfg = Debug|Any CPU
		{5BD24130-AD63-424B-BEEE-B2CC575224FF}.Debug|Any CPU.Build.0 = Debug|Any CPU
		{5BD24130-AD63-424B-BEEE-B2CC575224FF}.Release|Any CPU.ActiveCfg = Release|Any CPU
		{5BD24130-AD63-424B-BEEE-B2CC575224FF}.Release|Any CPU.Build.0 = Release|Any CPU
		{E145C938-6678-450E-8189-77F221C6EC5D}.Debug|Any CPU.ActiveCfg = Debug|Any CPU
		{E145C938-6678-450E-8189-77F221C6EC5D}.Debug|Any CPU.Build.0 = Debug|Any CPU
		{E145C938-6678-450E-8189-77F221C6EC5D}.Release|Any CPU.ActiveCfg = Release|Any CPU
		{E145C938-6678-450E-8189-77F221C6EC5D}.Release|Any CPU.Build.0 = Release|Any CPU
		{00D10CF2-E746-456D-BAAD-17EBF3F67C31}.Debug|Any CPU.ActiveCfg = Debug|Any CPU
		{00D10CF2-E746-456D-BAAD-17EBF3F67C31}.Debug|Any CPU.Build.0 = Debug|Any CPU
		{00D10CF2-E746-456D-BAAD-17EBF3F67C31}.Release|Any CPU.ActiveCfg = Release|Any CPU
		{00D10CF2-E746-456D-BAAD-17EBF3F67C31}.Release|Any CPU.Build.0 = Release|Any CPU
		{74EF7932-F301-47F0-9961-0544342ACEB4}.Debug|Any CPU.ActiveCfg = Debug|Any CPU
		{74EF7932-F301-47F0-9961-0544342ACEB4}.Debug|Any CPU.Build.0 = Debug|Any CPU
		{74EF7932-F301-47F0-9961-0544342ACEB4}.Release|Any CPU.ActiveCfg = Release|Any CPU
		{74EF7932-F301-47F0-9961-0544342ACEB4}.Release|Any CPU.Build.0 = Release|Any CPU
		{737ABB17-3C0C-4F12-AE80-DFAE0C58FEEE}.Debug|Any CPU.ActiveCfg = Debug|Any CPU
		{737ABB17-3C0C-4F12-AE80-DFAE0C58FEEE}.Debug|Any CPU.Build.0 = Debug|Any CPU
		{737ABB17-3C0C-4F12-AE80-DFAE0C58FEEE}.Release|Any CPU.ActiveCfg = Release|Any CPU
		{737ABB17-3C0C-4F12-AE80-DFAE0C58FEEE}.Release|Any CPU.Build.0 = Release|Any CPU
		{13508069-81ED-4AB9-B9E9-53993D26C562}.Debug|Any CPU.ActiveCfg = Debug|Any CPU
		{13508069-81ED-4AB9-B9E9-53993D26C562}.Debug|Any CPU.Build.0 = Debug|Any CPU
		{13508069-81ED-4AB9-B9E9-53993D26C562}.Release|Any CPU.ActiveCfg = Release|Any CPU
		{13508069-81ED-4AB9-B9E9-53993D26C562}.Release|Any CPU.Build.0 = Release|Any CPU
		{A9012D95-2611-4B6B-B1A9-5D6905A55DEC}.Debug|Any CPU.ActiveCfg = Debug|Any CPU
		{A9012D95-2611-4B6B-B1A9-5D6905A55DEC}.Debug|Any CPU.Build.0 = Debug|Any CPU
		{A9012D95-2611-4B6B-B1A9-5D6905A55DEC}.Release|Any CPU.ActiveCfg = Release|Any CPU
		{A9012D95-2611-4B6B-B1A9-5D6905A55DEC}.Release|Any CPU.Build.0 = Release|Any CPU
		{435E951F-9B91-4F8F-AE98-C963296B6C65}.Debug|Any CPU.ActiveCfg = Debug|Any CPU
		{435E951F-9B91-4F8F-AE98-C963296B6C65}.Debug|Any CPU.Build.0 = Debug|Any CPU
		{435E951F-9B91-4F8F-AE98-C963296B6C65}.Release|Any CPU.ActiveCfg = Release|Any CPU
		{435E951F-9B91-4F8F-AE98-C963296B6C65}.Release|Any CPU.Build.0 = Release|Any CPU
		{D125C7F3-554F-4B0F-848B-173304EC816C}.Debug|Any CPU.ActiveCfg = Debug|Any CPU
		{D125C7F3-554F-4B0F-848B-173304EC816C}.Debug|Any CPU.Build.0 = Debug|Any CPU
		{D125C7F3-554F-4B0F-848B-173304EC816C}.Release|Any CPU.ActiveCfg = Release|Any CPU
		{D125C7F3-554F-4B0F-848B-173304EC816C}.Release|Any CPU.Build.0 = Release|Any CPU
		{FD028C49-AD91-42BA-83DA-570F2124D43F}.Debug|Any CPU.ActiveCfg = Debug|Any CPU
		{FD028C49-AD91-42BA-83DA-570F2124D43F}.Debug|Any CPU.Build.0 = Debug|Any CPU
		{FD028C49-AD91-42BA-83DA-570F2124D43F}.Release|Any CPU.ActiveCfg = Release|Any CPU
		{FD028C49-AD91-42BA-83DA-570F2124D43F}.Release|Any CPU.Build.0 = Release|Any CPU
		{6B48F44B-719D-4D01-AD0A-B5CB14921A9A}.Debug|Any CPU.ActiveCfg = Debug|Any CPU
		{6B48F44B-719D-4D01-AD0A-B5CB14921A9A}.Debug|Any CPU.Build.0 = Debug|Any CPU
		{6B48F44B-719D-4D01-AD0A-B5CB14921A9A}.Release|Any CPU.ActiveCfg = Release|Any CPU
		{6B48F44B-719D-4D01-AD0A-B5CB14921A9A}.Release|Any CPU.Build.0 = Release|Any CPU
		{F647B689-F3E4-4685-9B89-0AEA6E43C4EF}.Debug|Any CPU.ActiveCfg = Debug|Any CPU
		{F647B689-F3E4-4685-9B89-0AEA6E43C4EF}.Debug|Any CPU.Build.0 = Debug|Any CPU
		{F647B689-F3E4-4685-9B89-0AEA6E43C4EF}.Release|Any CPU.ActiveCfg = Release|Any CPU
		{F647B689-F3E4-4685-9B89-0AEA6E43C4EF}.Release|Any CPU.Build.0 = Release|Any CPU
		{E3B839AD-99A1-47C1-AF39-47607F3AFC26}.Debug|Any CPU.ActiveCfg = Debug|Any CPU
		{E3B839AD-99A1-47C1-AF39-47607F3AFC26}.Debug|Any CPU.Build.0 = Debug|Any CPU
		{E3B839AD-99A1-47C1-AF39-47607F3AFC26}.Release|Any CPU.ActiveCfg = Release|Any CPU
		{E3B839AD-99A1-47C1-AF39-47607F3AFC26}.Release|Any CPU.Build.0 = Release|Any CPU
		{37D06052-CD4E-4923-9865-A266C31595C6}.Debug|Any CPU.ActiveCfg = Debug|Any CPU
		{37D06052-CD4E-4923-9865-A266C31595C6}.Debug|Any CPU.Build.0 = Debug|Any CPU
		{37D06052-CD4E-4923-9865-A266C31595C6}.Release|Any CPU.ActiveCfg = Release|Any CPU
		{37D06052-CD4E-4923-9865-A266C31595C6}.Release|Any CPU.Build.0 = Release|Any CPU
		{7592D6AF-A65F-4DFF-8A0D-66E8F5780CDA}.Debug|Any CPU.ActiveCfg = Debug|Any CPU
		{7592D6AF-A65F-4DFF-8A0D-66E8F5780CDA}.Debug|Any CPU.Build.0 = Debug|Any CPU
		{7592D6AF-A65F-4DFF-8A0D-66E8F5780CDA}.Release|Any CPU.ActiveCfg = Release|Any CPU
		{7592D6AF-A65F-4DFF-8A0D-66E8F5780CDA}.Release|Any CPU.Build.0 = Release|Any CPU
		{DA75D2D5-8448-46BD-BC36-76F5DFEC78B0}.Debug|Any CPU.ActiveCfg = Debug|Any CPU
		{DA75D2D5-8448-46BD-BC36-76F5DFEC78B0}.Debug|Any CPU.Build.0 = Debug|Any CPU
		{DA75D2D5-8448-46BD-BC36-76F5DFEC78B0}.Release|Any CPU.ActiveCfg = Release|Any CPU
		{DA75D2D5-8448-46BD-BC36-76F5DFEC78B0}.Release|Any CPU.Build.0 = Release|Any CPU
		{2380BE84-A1EF-44C6-BAB0-FA7C2ECB3C43}.Debug|Any CPU.ActiveCfg = Debug|Any CPU
		{2380BE84-A1EF-44C6-BAB0-FA7C2ECB3C43}.Debug|Any CPU.Build.0 = Debug|Any CPU
		{2380BE84-A1EF-44C6-BAB0-FA7C2ECB3C43}.Release|Any CPU.ActiveCfg = Release|Any CPU
		{2380BE84-A1EF-44C6-BAB0-FA7C2ECB3C43}.Release|Any CPU.Build.0 = Release|Any CPU
		{AD24DF08-E003-4745-B344-1D4EFB822B48}.Debug|Any CPU.ActiveCfg = Debug|Any CPU
		{AD24DF08-E003-4745-B344-1D4EFB822B48}.Debug|Any CPU.Build.0 = Debug|Any CPU
		{AD24DF08-E003-4745-B344-1D4EFB822B48}.Release|Any CPU.ActiveCfg = Release|Any CPU
		{AD24DF08-E003-4745-B344-1D4EFB822B48}.Release|Any CPU.Build.0 = Release|Any CPU
		{A6F2BA0A-60B8-4AEC-9240-E4B65C3B1BA3}.Debug|Any CPU.ActiveCfg = Debug|Any CPU
		{A6F2BA0A-60B8-4AEC-9240-E4B65C3B1BA3}.Debug|Any CPU.Build.0 = Debug|Any CPU
		{A6F2BA0A-60B8-4AEC-9240-E4B65C3B1BA3}.Release|Any CPU.ActiveCfg = Release|Any CPU
		{A6F2BA0A-60B8-4AEC-9240-E4B65C3B1BA3}.Release|Any CPU.Build.0 = Release|Any CPU
		{C21FD530-D3BD-43DA-9E21-2DF995CAA1CD}.Debug|Any CPU.ActiveCfg = Debug|Any CPU
		{C21FD530-D3BD-43DA-9E21-2DF995CAA1CD}.Debug|Any CPU.Build.0 = Debug|Any CPU
		{C21FD530-D3BD-43DA-9E21-2DF995CAA1CD}.Release|Any CPU.ActiveCfg = Release|Any CPU
		{C21FD530-D3BD-43DA-9E21-2DF995CAA1CD}.Release|Any CPU.Build.0 = Release|Any CPU
		{DDAF4F3D-529E-4655-A8F1-6742A6A2AD6E}.Debug|Any CPU.ActiveCfg = Debug|Any CPU
		{DDAF4F3D-529E-4655-A8F1-6742A6A2AD6E}.Debug|Any CPU.Build.0 = Debug|Any CPU
		{DDAF4F3D-529E-4655-A8F1-6742A6A2AD6E}.Release|Any CPU.ActiveCfg = Release|Any CPU
		{DDAF4F3D-529E-4655-A8F1-6742A6A2AD6E}.Release|Any CPU.Build.0 = Release|Any CPU
		{891E3796-F5ED-4485-B1D0-FA5C5BCC3EE5}.Debug|Any CPU.ActiveCfg = Debug|Any CPU
		{891E3796-F5ED-4485-B1D0-FA5C5BCC3EE5}.Debug|Any CPU.Build.0 = Debug|Any CPU
		{891E3796-F5ED-4485-B1D0-FA5C5BCC3EE5}.Release|Any CPU.ActiveCfg = Release|Any CPU
		{891E3796-F5ED-4485-B1D0-FA5C5BCC3EE5}.Release|Any CPU.Build.0 = Release|Any CPU
		{6FC243B4-42B2-4E4F-BAA4-AF7190BCCD09}.Debug|Any CPU.ActiveCfg = Debug|Any CPU
		{6FC243B4-42B2-4E4F-BAA4-AF7190BCCD09}.Debug|Any CPU.Build.0 = Debug|Any CPU
		{6FC243B4-42B2-4E4F-BAA4-AF7190BCCD09}.Release|Any CPU.ActiveCfg = Release|Any CPU
		{6FC243B4-42B2-4E4F-BAA4-AF7190BCCD09}.Release|Any CPU.Build.0 = Release|Any CPU
		{11448B42-29C4-4EAE-9FA5-AFEE0BC84B7E}.Debug|Any CPU.ActiveCfg = Debug|Any CPU
		{11448B42-29C4-4EAE-9FA5-AFEE0BC84B7E}.Debug|Any CPU.Build.0 = Debug|Any CPU
		{11448B42-29C4-4EAE-9FA5-AFEE0BC84B7E}.Release|Any CPU.ActiveCfg = Release|Any CPU
		{11448B42-29C4-4EAE-9FA5-AFEE0BC84B7E}.Release|Any CPU.Build.0 = Release|Any CPU
		{EBF5E74A-C93E-4CF8-9294-C5371050B880}.Debug|Any CPU.ActiveCfg = Debug|Any CPU
		{EBF5E74A-C93E-4CF8-9294-C5371050B880}.Debug|Any CPU.Build.0 = Debug|Any CPU
		{EBF5E74A-C93E-4CF8-9294-C5371050B880}.Release|Any CPU.ActiveCfg = Release|Any CPU
		{EBF5E74A-C93E-4CF8-9294-C5371050B880}.Release|Any CPU.Build.0 = Release|Any CPU
		{EB28DB6D-D470-4C68-A401-23C1FA54BA8B}.Debug|Any CPU.ActiveCfg = Debug|Any CPU
		{EB28DB6D-D470-4C68-A401-23C1FA54BA8B}.Debug|Any CPU.Build.0 = Debug|Any CPU
		{EB28DB6D-D470-4C68-A401-23C1FA54BA8B}.Release|Any CPU.ActiveCfg = Release|Any CPU
		{EB28DB6D-D470-4C68-A401-23C1FA54BA8B}.Release|Any CPU.Build.0 = Release|Any CPU
		{6A1599CB-442F-417B-97D4-D1F7928EFE2F}.Debug|Any CPU.ActiveCfg = Debug|Any CPU
		{6A1599CB-442F-417B-97D4-D1F7928EFE2F}.Debug|Any CPU.Build.0 = Debug|Any CPU
		{6A1599CB-442F-417B-97D4-D1F7928EFE2F}.Release|Any CPU.ActiveCfg = Release|Any CPU
		{6A1599CB-442F-417B-97D4-D1F7928EFE2F}.Release|Any CPU.Build.0 = Release|Any CPU
		{BFD7B76A-35D8-45D7-BD7F-A73F855C6D55}.Debug|Any CPU.ActiveCfg = Debug|Any CPU
		{BFD7B76A-35D8-45D7-BD7F-A73F855C6D55}.Debug|Any CPU.Build.0 = Debug|Any CPU
		{BFD7B76A-35D8-45D7-BD7F-A73F855C6D55}.Release|Any CPU.ActiveCfg = Release|Any CPU
		{BFD7B76A-35D8-45D7-BD7F-A73F855C6D55}.Release|Any CPU.Build.0 = Release|Any CPU
		{6187E566-9840-4B79-B519-54C986D8C7DF}.Debug|Any CPU.ActiveCfg = Debug|Any CPU
		{6187E566-9840-4B79-B519-54C986D8C7DF}.Debug|Any CPU.Build.0 = Debug|Any CPU
		{6187E566-9840-4B79-B519-54C986D8C7DF}.Release|Any CPU.ActiveCfg = Release|Any CPU
		{6187E566-9840-4B79-B519-54C986D8C7DF}.Release|Any CPU.Build.0 = Release|Any CPU
		{AE416E1B-771D-4E6C-8277-5B5D1241E771}.Debug|Any CPU.ActiveCfg = Debug|Any CPU
		{AE416E1B-771D-4E6C-8277-5B5D1241E771}.Debug|Any CPU.Build.0 = Debug|Any CPU
		{AE416E1B-771D-4E6C-8277-5B5D1241E771}.Release|Any CPU.ActiveCfg = Release|Any CPU
		{AE416E1B-771D-4E6C-8277-5B5D1241E771}.Release|Any CPU.Build.0 = Release|Any CPU
		{25E98A00-9FEE-4F4D-9D49-D0C908CCC913}.Debug|Any CPU.ActiveCfg = Debug|Any CPU
		{25E98A00-9FEE-4F4D-9D49-D0C908CCC913}.Debug|Any CPU.Build.0 = Debug|Any CPU
		{25E98A00-9FEE-4F4D-9D49-D0C908CCC913}.Release|Any CPU.ActiveCfg = Release|Any CPU
		{25E98A00-9FEE-4F4D-9D49-D0C908CCC913}.Release|Any CPU.Build.0 = Release|Any CPU
		{F6DA9F9C-5239-4CB3-B62A-5FD1785DD33B}.Debug|Any CPU.ActiveCfg = Debug|Any CPU
		{F6DA9F9C-5239-4CB3-B62A-5FD1785DD33B}.Debug|Any CPU.Build.0 = Debug|Any CPU
		{F6DA9F9C-5239-4CB3-B62A-5FD1785DD33B}.Release|Any CPU.ActiveCfg = Release|Any CPU
		{F6DA9F9C-5239-4CB3-B62A-5FD1785DD33B}.Release|Any CPU.Build.0 = Release|Any CPU
		{170A0DE2-2396-421B-9818-0AA5DC7A64EA}.Debug|Any CPU.ActiveCfg = Debug|Any CPU
		{170A0DE2-2396-421B-9818-0AA5DC7A64EA}.Debug|Any CPU.Build.0 = Debug|Any CPU
		{170A0DE2-2396-421B-9818-0AA5DC7A64EA}.Release|Any CPU.ActiveCfg = Release|Any CPU
		{170A0DE2-2396-421B-9818-0AA5DC7A64EA}.Release|Any CPU.Build.0 = Release|Any CPU
		{EA7A5D58-F609-4438-8FEC-6FAF59481140}.Debug|Any CPU.ActiveCfg = Debug|Any CPU
		{EA7A5D58-F609-4438-8FEC-6FAF59481140}.Debug|Any CPU.Build.0 = Debug|Any CPU
		{EA7A5D58-F609-4438-8FEC-6FAF59481140}.Release|Any CPU.ActiveCfg = Release|Any CPU
		{EA7A5D58-F609-4438-8FEC-6FAF59481140}.Release|Any CPU.Build.0 = Release|Any CPU
		{D689CF0C-F824-4A50-9A84-40FF390D0B51}.Debug|Any CPU.ActiveCfg = Debug|Any CPU
		{D689CF0C-F824-4A50-9A84-40FF390D0B51}.Debug|Any CPU.Build.0 = Debug|Any CPU
		{D689CF0C-F824-4A50-9A84-40FF390D0B51}.Release|Any CPU.ActiveCfg = Release|Any CPU
		{D689CF0C-F824-4A50-9A84-40FF390D0B51}.Release|Any CPU.Build.0 = Release|Any CPU
		{A151509E-9309-46B3-A013-717BE484672B}.Debug|Any CPU.ActiveCfg = Debug|Any CPU
		{A151509E-9309-46B3-A013-717BE484672B}.Debug|Any CPU.Build.0 = Debug|Any CPU
		{A151509E-9309-46B3-A013-717BE484672B}.Release|Any CPU.ActiveCfg = Release|Any CPU
		{A151509E-9309-46B3-A013-717BE484672B}.Release|Any CPU.Build.0 = Release|Any CPU
		{02DEABBA-5FD5-47E2-83E9-71E479368C80}.Debug|Any CPU.ActiveCfg = Debug|Any CPU
		{02DEABBA-5FD5-47E2-83E9-71E479368C80}.Debug|Any CPU.Build.0 = Debug|Any CPU
		{02DEABBA-5FD5-47E2-83E9-71E479368C80}.Release|Any CPU.ActiveCfg = Release|Any CPU
		{02DEABBA-5FD5-47E2-83E9-71E479368C80}.Release|Any CPU.Build.0 = Release|Any CPU
		{1A7F678C-BDC2-47A1-8A77-FAE3B2551574}.Debug|Any CPU.ActiveCfg = Debug|Any CPU
		{1A7F678C-BDC2-47A1-8A77-FAE3B2551574}.Debug|Any CPU.Build.0 = Debug|Any CPU
		{1A7F678C-BDC2-47A1-8A77-FAE3B2551574}.Release|Any CPU.ActiveCfg = Release|Any CPU
		{1A7F678C-BDC2-47A1-8A77-FAE3B2551574}.Release|Any CPU.Build.0 = Release|Any CPU
		{5C224EE0-AE7B-46C4-823B-2AA7D1A534A9}.Debug|Any CPU.ActiveCfg = Debug|Any CPU
		{5C224EE0-AE7B-46C4-823B-2AA7D1A534A9}.Debug|Any CPU.Build.0 = Debug|Any CPU
		{5C224EE0-AE7B-46C4-823B-2AA7D1A534A9}.Release|Any CPU.ActiveCfg = Release|Any CPU
		{5C224EE0-AE7B-46C4-823B-2AA7D1A534A9}.Release|Any CPU.Build.0 = Release|Any CPU
		{40744DBF-3125-4F1C-A805-95E84ACBD967}.Debug|Any CPU.ActiveCfg = Debug|Any CPU
		{40744DBF-3125-4F1C-A805-95E84ACBD967}.Debug|Any CPU.Build.0 = Debug|Any CPU
		{40744DBF-3125-4F1C-A805-95E84ACBD967}.Release|Any CPU.ActiveCfg = Release|Any CPU
		{40744DBF-3125-4F1C-A805-95E84ACBD967}.Release|Any CPU.Build.0 = Release|Any CPU
		{9905B50A-4094-4981-99A4-3B1F332E0878}.Debug|Any CPU.ActiveCfg = Debug|Any CPU
		{9905B50A-4094-4981-99A4-3B1F332E0878}.Debug|Any CPU.Build.0 = Debug|Any CPU
		{9905B50A-4094-4981-99A4-3B1F332E0878}.Release|Any CPU.ActiveCfg = Release|Any CPU
		{9905B50A-4094-4981-99A4-3B1F332E0878}.Release|Any CPU.Build.0 = Release|Any CPU
		{92A6A2C4-3A89-4A78-9DC9-B78E6AC49565}.Debug|Any CPU.ActiveCfg = Debug|Any CPU
		{92A6A2C4-3A89-4A78-9DC9-B78E6AC49565}.Debug|Any CPU.Build.0 = Debug|Any CPU
		{92A6A2C4-3A89-4A78-9DC9-B78E6AC49565}.Release|Any CPU.ActiveCfg = Release|Any CPU
		{92A6A2C4-3A89-4A78-9DC9-B78E6AC49565}.Release|Any CPU.Build.0 = Release|Any CPU
		{4E550BFC-1D4B-4D5C-9B4C-446B96DE3269}.Debug|Any CPU.ActiveCfg = Debug|Any CPU
		{4E550BFC-1D4B-4D5C-9B4C-446B96DE3269}.Debug|Any CPU.Build.0 = Debug|Any CPU
		{4E550BFC-1D4B-4D5C-9B4C-446B96DE3269}.Release|Any CPU.ActiveCfg = Release|Any CPU
		{4E550BFC-1D4B-4D5C-9B4C-446B96DE3269}.Release|Any CPU.Build.0 = Release|Any CPU
		{44BC54DD-02B1-46D3-8F6C-AEEC9184494F}.Debug|Any CPU.ActiveCfg = Debug|Any CPU
		{44BC54DD-02B1-46D3-8F6C-AEEC9184494F}.Debug|Any CPU.Build.0 = Debug|Any CPU
		{44BC54DD-02B1-46D3-8F6C-AEEC9184494F}.Release|Any CPU.ActiveCfg = Release|Any CPU
		{44BC54DD-02B1-46D3-8F6C-AEEC9184494F}.Release|Any CPU.Build.0 = Release|Any CPU
		{2483DC82-625F-4B59-B707-4BEC95B42928}.Debug|Any CPU.ActiveCfg = Debug|Any CPU
		{2483DC82-625F-4B59-B707-4BEC95B42928}.Debug|Any CPU.Build.0 = Debug|Any CPU
		{2483DC82-625F-4B59-B707-4BEC95B42928}.Release|Any CPU.ActiveCfg = Release|Any CPU
		{2483DC82-625F-4B59-B707-4BEC95B42928}.Release|Any CPU.Build.0 = Release|Any CPU
		{D853ED06-7955-4FC5-ABD6-2A576E646BDA}.Debug|Any CPU.ActiveCfg = Debug|Any CPU
		{D853ED06-7955-4FC5-ABD6-2A576E646BDA}.Debug|Any CPU.Build.0 = Debug|Any CPU
		{D853ED06-7955-4FC5-ABD6-2A576E646BDA}.Release|Any CPU.ActiveCfg = Release|Any CPU
		{D853ED06-7955-4FC5-ABD6-2A576E646BDA}.Release|Any CPU.Build.0 = Release|Any CPU
		{EF6EEFE9-9F4E-4D0A-9A7E-EB0A3E372CDD}.Debug|Any CPU.ActiveCfg = Debug|Any CPU
		{EF6EEFE9-9F4E-4D0A-9A7E-EB0A3E372CDD}.Debug|Any CPU.Build.0 = Debug|Any CPU
		{EF6EEFE9-9F4E-4D0A-9A7E-EB0A3E372CDD}.Release|Any CPU.ActiveCfg = Release|Any CPU
		{EF6EEFE9-9F4E-4D0A-9A7E-EB0A3E372CDD}.Release|Any CPU.Build.0 = Release|Any CPU
		{241BB52D-9205-457D-BE11-CE4693CC7BA7}.Debug|Any CPU.ActiveCfg = Debug|Any CPU
		{241BB52D-9205-457D-BE11-CE4693CC7BA7}.Debug|Any CPU.Build.0 = Debug|Any CPU
		{241BB52D-9205-457D-BE11-CE4693CC7BA7}.Release|Any CPU.ActiveCfg = Release|Any CPU
		{241BB52D-9205-457D-BE11-CE4693CC7BA7}.Release|Any CPU.Build.0 = Release|Any CPU
		{27FCDA23-9B09-4CA7-819E-CF835CE18E7B}.Debug|Any CPU.ActiveCfg = Debug|Any CPU
		{27FCDA23-9B09-4CA7-819E-CF835CE18E7B}.Debug|Any CPU.Build.0 = Debug|Any CPU
		{27FCDA23-9B09-4CA7-819E-CF835CE18E7B}.Release|Any CPU.ActiveCfg = Release|Any CPU
		{27FCDA23-9B09-4CA7-819E-CF835CE18E7B}.Release|Any CPU.Build.0 = Release|Any CPU
		{DE66B2AE-0FD5-4E4B-B347-41AB7747A014}.Debug|Any CPU.ActiveCfg = Debug|Any CPU
		{DE66B2AE-0FD5-4E4B-B347-41AB7747A014}.Debug|Any CPU.Build.0 = Debug|Any CPU
		{DE66B2AE-0FD5-4E4B-B347-41AB7747A014}.Release|Any CPU.ActiveCfg = Release|Any CPU
		{DE66B2AE-0FD5-4E4B-B347-41AB7747A014}.Release|Any CPU.Build.0 = Release|Any CPU
		{DC27236D-7124-431A-B738-757B5CB8A3FC}.Debug|Any CPU.ActiveCfg = Debug|Any CPU
		{DC27236D-7124-431A-B738-757B5CB8A3FC}.Debug|Any CPU.Build.0 = Debug|Any CPU
		{DC27236D-7124-431A-B738-757B5CB8A3FC}.Release|Any CPU.ActiveCfg = Release|Any CPU
		{DC27236D-7124-431A-B738-757B5CB8A3FC}.Release|Any CPU.Build.0 = Release|Any CPU
		{7A9DF7C2-09AB-4550-9068-11941EE52179}.Debug|Any CPU.ActiveCfg = Debug|Any CPU
		{7A9DF7C2-09AB-4550-9068-11941EE52179}.Debug|Any CPU.Build.0 = Debug|Any CPU
		{7A9DF7C2-09AB-4550-9068-11941EE52179}.Release|Any CPU.ActiveCfg = Release|Any CPU
		{7A9DF7C2-09AB-4550-9068-11941EE52179}.Release|Any CPU.Build.0 = Release|Any CPU
		{D0AA6602-1278-44DD-BFFD-62A5ABC290DD}.Debug|Any CPU.ActiveCfg = Debug|Any CPU
		{D0AA6602-1278-44DD-BFFD-62A5ABC290DD}.Debug|Any CPU.Build.0 = Debug|Any CPU
		{D0AA6602-1278-44DD-BFFD-62A5ABC290DD}.Release|Any CPU.ActiveCfg = Release|Any CPU
		{D0AA6602-1278-44DD-BFFD-62A5ABC290DD}.Release|Any CPU.Build.0 = Release|Any CPU
		{AEEDAC1A-061B-4A40-BF27-A3A3A7A90C31}.Debug|Any CPU.ActiveCfg = Debug|Any CPU
		{AEEDAC1A-061B-4A40-BF27-A3A3A7A90C31}.Debug|Any CPU.Build.0 = Debug|Any CPU
		{AEEDAC1A-061B-4A40-BF27-A3A3A7A90C31}.Release|Any CPU.ActiveCfg = Release|Any CPU
		{AEEDAC1A-061B-4A40-BF27-A3A3A7A90C31}.Release|Any CPU.Build.0 = Release|Any CPU
		{28744484-BF49-4EE3-953F-D7F4E1E69A95}.Debug|Any CPU.ActiveCfg = Debug|Any CPU
		{28744484-BF49-4EE3-953F-D7F4E1E69A95}.Debug|Any CPU.Build.0 = Debug|Any CPU
		{28744484-BF49-4EE3-953F-D7F4E1E69A95}.Release|Any CPU.ActiveCfg = Release|Any CPU
		{28744484-BF49-4EE3-953F-D7F4E1E69A95}.Release|Any CPU.Build.0 = Release|Any CPU
		{B1B487C2-8F4A-41B0-9D55-56F68CD33F43}.Debug|Any CPU.ActiveCfg = Debug|Any CPU
		{B1B487C2-8F4A-41B0-9D55-56F68CD33F43}.Debug|Any CPU.Build.0 = Debug|Any CPU
		{B1B487C2-8F4A-41B0-9D55-56F68CD33F43}.Release|Any CPU.ActiveCfg = Release|Any CPU
		{B1B487C2-8F4A-41B0-9D55-56F68CD33F43}.Release|Any CPU.Build.0 = Release|Any CPU
		{2DD58451-8F30-42C1-9571-C54F2C5CC092}.Debug|Any CPU.ActiveCfg = Debug|Any CPU
		{2DD58451-8F30-42C1-9571-C54F2C5CC092}.Debug|Any CPU.Build.0 = Debug|Any CPU
		{2DD58451-8F30-42C1-9571-C54F2C5CC092}.Release|Any CPU.ActiveCfg = Release|Any CPU
		{2DD58451-8F30-42C1-9571-C54F2C5CC092}.Release|Any CPU.Build.0 = Release|Any CPU
		{EB086115-932C-466F-B6AD-AF918BBCF42E}.Debug|Any CPU.ActiveCfg = Debug|Any CPU
		{EB086115-932C-466F-B6AD-AF918BBCF42E}.Debug|Any CPU.Build.0 = Debug|Any CPU
		{EB086115-932C-466F-B6AD-AF918BBCF42E}.Release|Any CPU.ActiveCfg = Release|Any CPU
		{EB086115-932C-466F-B6AD-AF918BBCF42E}.Release|Any CPU.Build.0 = Release|Any CPU
		{3F26D5B5-49F8-4956-AB79-21032CCBABDB}.Debug|Any CPU.ActiveCfg = Debug|Any CPU
		{3F26D5B5-49F8-4956-AB79-21032CCBABDB}.Debug|Any CPU.Build.0 = Debug|Any CPU
		{3F26D5B5-49F8-4956-AB79-21032CCBABDB}.Release|Any CPU.ActiveCfg = Release|Any CPU
		{3F26D5B5-49F8-4956-AB79-21032CCBABDB}.Release|Any CPU.Build.0 = Release|Any CPU
		{CAEF677F-FE1A-4A25-A137-FE9ECADDE08A}.Debug|Any CPU.ActiveCfg = Debug|Any CPU
		{CAEF677F-FE1A-4A25-A137-FE9ECADDE08A}.Debug|Any CPU.Build.0 = Debug|Any CPU
		{CAEF677F-FE1A-4A25-A137-FE9ECADDE08A}.Release|Any CPU.ActiveCfg = Release|Any CPU
		{CAEF677F-FE1A-4A25-A137-FE9ECADDE08A}.Release|Any CPU.Build.0 = Release|Any CPU
		{9FB50404-FF27-49D1-905B-72DD2CD2E34C}.Debug|Any CPU.ActiveCfg = Debug|Any CPU
		{9FB50404-FF27-49D1-905B-72DD2CD2E34C}.Debug|Any CPU.Build.0 = Debug|Any CPU
		{9FB50404-FF27-49D1-905B-72DD2CD2E34C}.Release|Any CPU.ActiveCfg = Release|Any CPU
		{9FB50404-FF27-49D1-905B-72DD2CD2E34C}.Release|Any CPU.Build.0 = Release|Any CPU
		{F00FFF77-6B5B-41F9-80DC-2F5509775774}.Debug|Any CPU.ActiveCfg = Debug|Any CPU
		{F00FFF77-6B5B-41F9-80DC-2F5509775774}.Debug|Any CPU.Build.0 = Debug|Any CPU
		{F00FFF77-6B5B-41F9-80DC-2F5509775774}.Release|Any CPU.ActiveCfg = Release|Any CPU
		{F00FFF77-6B5B-41F9-80DC-2F5509775774}.Release|Any CPU.Build.0 = Release|Any CPU
		{1E172239-B5B4-45F4-A399-4782A54684B5}.Debug|Any CPU.ActiveCfg = Debug|Any CPU
		{1E172239-B5B4-45F4-A399-4782A54684B5}.Debug|Any CPU.Build.0 = Debug|Any CPU
		{1E172239-B5B4-45F4-A399-4782A54684B5}.Release|Any CPU.ActiveCfg = Release|Any CPU
		{1E172239-B5B4-45F4-A399-4782A54684B5}.Release|Any CPU.Build.0 = Release|Any CPU
		{4DDB71B8-51E1-4494-B8FE-23AA53D22952}.Debug|Any CPU.ActiveCfg = Debug|Any CPU
		{4DDB71B8-51E1-4494-B8FE-23AA53D22952}.Debug|Any CPU.Build.0 = Debug|Any CPU
		{4DDB71B8-51E1-4494-B8FE-23AA53D22952}.Release|Any CPU.ActiveCfg = Release|Any CPU
		{4DDB71B8-51E1-4494-B8FE-23AA53D22952}.Release|Any CPU.Build.0 = Release|Any CPU
		{9E2406FA-631E-492B-9C63-DEB8ED9EB400}.Debug|Any CPU.ActiveCfg = Debug|Any CPU
		{9E2406FA-631E-492B-9C63-DEB8ED9EB400}.Debug|Any CPU.Build.0 = Debug|Any CPU
		{9E2406FA-631E-492B-9C63-DEB8ED9EB400}.Release|Any CPU.ActiveCfg = Release|Any CPU
		{9E2406FA-631E-492B-9C63-DEB8ED9EB400}.Release|Any CPU.Build.0 = Release|Any CPU
		{4A798925-DFF3-4795-940A-5F86C88BDC34}.Debug|Any CPU.ActiveCfg = Debug|Any CPU
		{4A798925-DFF3-4795-940A-5F86C88BDC34}.Debug|Any CPU.Build.0 = Debug|Any CPU
		{4A798925-DFF3-4795-940A-5F86C88BDC34}.Release|Any CPU.ActiveCfg = Release|Any CPU
		{4A798925-DFF3-4795-940A-5F86C88BDC34}.Release|Any CPU.Build.0 = Release|Any CPU
		{9E6C7A11-ADE8-4216-A13B-6D42B6E60297}.Debug|Any CPU.ActiveCfg = Debug|Any CPU
		{9E6C7A11-ADE8-4216-A13B-6D42B6E60297}.Debug|Any CPU.Build.0 = Debug|Any CPU
		{9E6C7A11-ADE8-4216-A13B-6D42B6E60297}.Release|Any CPU.ActiveCfg = Release|Any CPU
		{9E6C7A11-ADE8-4216-A13B-6D42B6E60297}.Release|Any CPU.Build.0 = Release|Any CPU
		{A97D20F1-FBF5-451D-9884-58E68153C64B}.Debug|Any CPU.ActiveCfg = Debug|Any CPU
		{A97D20F1-FBF5-451D-9884-58E68153C64B}.Debug|Any CPU.Build.0 = Debug|Any CPU
		{A97D20F1-FBF5-451D-9884-58E68153C64B}.Release|Any CPU.ActiveCfg = Release|Any CPU
		{A97D20F1-FBF5-451D-9884-58E68153C64B}.Release|Any CPU.Build.0 = Release|Any CPU
		{EE8EB0F2-1975-46FA-8975-FEE9982031F8}.Debug|Any CPU.ActiveCfg = Debug|Any CPU
		{EE8EB0F2-1975-46FA-8975-FEE9982031F8}.Debug|Any CPU.Build.0 = Debug|Any CPU
		{EE8EB0F2-1975-46FA-8975-FEE9982031F8}.Release|Any CPU.ActiveCfg = Release|Any CPU
		{EE8EB0F2-1975-46FA-8975-FEE9982031F8}.Release|Any CPU.Build.0 = Release|Any CPU
		{4A705548-1947-4C22-8CAC-567E9C267979}.Debug|Any CPU.ActiveCfg = Debug|Any CPU
		{4A705548-1947-4C22-8CAC-567E9C267979}.Debug|Any CPU.Build.0 = Debug|Any CPU
		{4A705548-1947-4C22-8CAC-567E9C267979}.Release|Any CPU.ActiveCfg = Release|Any CPU
		{4A705548-1947-4C22-8CAC-567E9C267979}.Release|Any CPU.Build.0 = Release|Any CPU
		{0696FB15-2672-4BE9-A781-1BE528449F51}.Debug|Any CPU.ActiveCfg = Debug|Any CPU
		{0696FB15-2672-4BE9-A781-1BE528449F51}.Debug|Any CPU.Build.0 = Debug|Any CPU
		{0696FB15-2672-4BE9-A781-1BE528449F51}.Release|Any CPU.ActiveCfg = Release|Any CPU
		{0696FB15-2672-4BE9-A781-1BE528449F51}.Release|Any CPU.Build.0 = Release|Any CPU
		{7FD21A96-5568-4945-8DC6-9C6FE9D03E15}.Debug|Any CPU.ActiveCfg = Debug|Any CPU
		{7FD21A96-5568-4945-8DC6-9C6FE9D03E15}.Debug|Any CPU.Build.0 = Debug|Any CPU
		{7FD21A96-5568-4945-8DC6-9C6FE9D03E15}.Release|Any CPU.ActiveCfg = Release|Any CPU
		{7FD21A96-5568-4945-8DC6-9C6FE9D03E15}.Release|Any CPU.Build.0 = Release|Any CPU
		{F3B95846-A64C-4917-880D-6D920CC24F2B}.Debug|Any CPU.ActiveCfg = Debug|Any CPU
		{F3B95846-A64C-4917-880D-6D920CC24F2B}.Debug|Any CPU.Build.0 = Debug|Any CPU
		{F3B95846-A64C-4917-880D-6D920CC24F2B}.Release|Any CPU.ActiveCfg = Release|Any CPU
		{F3B95846-A64C-4917-880D-6D920CC24F2B}.Release|Any CPU.Build.0 = Release|Any CPU
		{3DD1A700-E5D7-4BAA-BD37-E41F6409EE76}.Debug|Any CPU.ActiveCfg = Debug|Any CPU
		{3DD1A700-E5D7-4BAA-BD37-E41F6409EE76}.Debug|Any CPU.Build.0 = Debug|Any CPU
		{3DD1A700-E5D7-4BAA-BD37-E41F6409EE76}.Release|Any CPU.ActiveCfg = Release|Any CPU
		{3DD1A700-E5D7-4BAA-BD37-E41F6409EE76}.Release|Any CPU.Build.0 = Release|Any CPU
		{6C646D16-6804-491E-BD38-3E2219DF0812}.Debug|Any CPU.ActiveCfg = Debug|Any CPU
		{6C646D16-6804-491E-BD38-3E2219DF0812}.Debug|Any CPU.Build.0 = Debug|Any CPU
		{6C646D16-6804-491E-BD38-3E2219DF0812}.Release|Any CPU.ActiveCfg = Release|Any CPU
		{6C646D16-6804-491E-BD38-3E2219DF0812}.Release|Any CPU.Build.0 = Release|Any CPU
		{A6338140-FCC1-461B-A3B3-D93CE8332032}.Debug|Any CPU.ActiveCfg = Debug|Any CPU
		{A6338140-FCC1-461B-A3B3-D93CE8332032}.Debug|Any CPU.Build.0 = Debug|Any CPU
		{A6338140-FCC1-461B-A3B3-D93CE8332032}.Release|Any CPU.ActiveCfg = Release|Any CPU
		{A6338140-FCC1-461B-A3B3-D93CE8332032}.Release|Any CPU.Build.0 = Release|Any CPU
		{D901E21E-3C48-4E76-A76B-84F5BD2927F3}.Debug|Any CPU.ActiveCfg = Debug|Any CPU
		{D901E21E-3C48-4E76-A76B-84F5BD2927F3}.Debug|Any CPU.Build.0 = Debug|Any CPU
		{D901E21E-3C48-4E76-A76B-84F5BD2927F3}.Release|Any CPU.ActiveCfg = Release|Any CPU
		{D901E21E-3C48-4E76-A76B-84F5BD2927F3}.Release|Any CPU.Build.0 = Release|Any CPU
		{20FF80FA-5A68-447D-9185-408D5D4598BC}.Debug|Any CPU.ActiveCfg = Debug|Any CPU
		{20FF80FA-5A68-447D-9185-408D5D4598BC}.Debug|Any CPU.Build.0 = Debug|Any CPU
		{20FF80FA-5A68-447D-9185-408D5D4598BC}.Release|Any CPU.ActiveCfg = Release|Any CPU
		{20FF80FA-5A68-447D-9185-408D5D4598BC}.Release|Any CPU.Build.0 = Release|Any CPU
		{2EFBD9A9-C236-4A40-A850-2F61F4130A67}.Debug|Any CPU.ActiveCfg = Debug|Any CPU
		{2EFBD9A9-C236-4A40-A850-2F61F4130A67}.Debug|Any CPU.Build.0 = Debug|Any CPU
		{2EFBD9A9-C236-4A40-A850-2F61F4130A67}.Release|Any CPU.ActiveCfg = Release|Any CPU
		{2EFBD9A9-C236-4A40-A850-2F61F4130A67}.Release|Any CPU.Build.0 = Release|Any CPU
		{F49CDD79-C4C6-4069-AE75-701998BC2ED6}.Debug|Any CPU.ActiveCfg = Debug|Any CPU
		{F49CDD79-C4C6-4069-AE75-701998BC2ED6}.Debug|Any CPU.Build.0 = Debug|Any CPU
		{F49CDD79-C4C6-4069-AE75-701998BC2ED6}.Release|Any CPU.ActiveCfg = Release|Any CPU
		{F49CDD79-C4C6-4069-AE75-701998BC2ED6}.Release|Any CPU.Build.0 = Release|Any CPU
		{0706FA5D-16B0-4D36-8409-26C2113E13FB}.Debug|Any CPU.ActiveCfg = Debug|Any CPU
		{0706FA5D-16B0-4D36-8409-26C2113E13FB}.Debug|Any CPU.Build.0 = Debug|Any CPU
		{0706FA5D-16B0-4D36-8409-26C2113E13FB}.Release|Any CPU.ActiveCfg = Release|Any CPU
		{0706FA5D-16B0-4D36-8409-26C2113E13FB}.Release|Any CPU.Build.0 = Release|Any CPU
		{EE6375A5-3061-4BF6-A40E-261F4BB2B7DC}.Debug|Any CPU.ActiveCfg = Debug|Any CPU
		{EE6375A5-3061-4BF6-A40E-261F4BB2B7DC}.Debug|Any CPU.Build.0 = Debug|Any CPU
		{EE6375A5-3061-4BF6-A40E-261F4BB2B7DC}.Release|Any CPU.ActiveCfg = Release|Any CPU
		{EE6375A5-3061-4BF6-A40E-261F4BB2B7DC}.Release|Any CPU.Build.0 = Release|Any CPU
		{E2800B47-35B5-4492-A694-6CECDA5B5D96}.Debug|Any CPU.ActiveCfg = Debug|Any CPU
		{E2800B47-35B5-4492-A694-6CECDA5B5D96}.Debug|Any CPU.Build.0 = Debug|Any CPU
		{E2800B47-35B5-4492-A694-6CECDA5B5D96}.Release|Any CPU.ActiveCfg = Release|Any CPU
		{E2800B47-35B5-4492-A694-6CECDA5B5D96}.Release|Any CPU.Build.0 = Release|Any CPU
		{39477673-1525-47EE-8E12-36C7DC83FA70}.Debug|Any CPU.ActiveCfg = Debug|Any CPU
		{39477673-1525-47EE-8E12-36C7DC83FA70}.Debug|Any CPU.Build.0 = Debug|Any CPU
		{39477673-1525-47EE-8E12-36C7DC83FA70}.Release|Any CPU.ActiveCfg = Release|Any CPU
		{39477673-1525-47EE-8E12-36C7DC83FA70}.Release|Any CPU.Build.0 = Release|Any CPU
		{9340D487-6ED5-4D6D-9CD8-C909AAE2DF16}.Debug|Any CPU.ActiveCfg = Debug|Any CPU
		{9340D487-6ED5-4D6D-9CD8-C909AAE2DF16}.Debug|Any CPU.Build.0 = Debug|Any CPU
		{9340D487-6ED5-4D6D-9CD8-C909AAE2DF16}.Release|Any CPU.ActiveCfg = Release|Any CPU
		{9340D487-6ED5-4D6D-9CD8-C909AAE2DF16}.Release|Any CPU.Build.0 = Release|Any CPU
		{8A074D8D-E3CB-4EAE-B134-6E105E41F01F}.Debug|Any CPU.ActiveCfg = Debug|Any CPU
		{8A074D8D-E3CB-4EAE-B134-6E105E41F01F}.Debug|Any CPU.Build.0 = Debug|Any CPU
		{8A074D8D-E3CB-4EAE-B134-6E105E41F01F}.Release|Any CPU.ActiveCfg = Release|Any CPU
		{8A074D8D-E3CB-4EAE-B134-6E105E41F01F}.Release|Any CPU.Build.0 = Release|Any CPU
		{EA0F82CB-D4C6-4C5A-A312-5A07F6FFFD32}.Debug|Any CPU.ActiveCfg = Debug|Any CPU
		{EA0F82CB-D4C6-4C5A-A312-5A07F6FFFD32}.Debug|Any CPU.Build.0 = Debug|Any CPU
		{EA0F82CB-D4C6-4C5A-A312-5A07F6FFFD32}.Release|Any CPU.ActiveCfg = Release|Any CPU
		{EA0F82CB-D4C6-4C5A-A312-5A07F6FFFD32}.Release|Any CPU.Build.0 = Release|Any CPU
		{0C780847-5DB3-428D-B3AD-7653B5686554}.Debug|Any CPU.ActiveCfg = Debug|Any CPU
		{0C780847-5DB3-428D-B3AD-7653B5686554}.Debug|Any CPU.Build.0 = Debug|Any CPU
		{0C780847-5DB3-428D-B3AD-7653B5686554}.Release|Any CPU.ActiveCfg = Release|Any CPU
		{0C780847-5DB3-428D-B3AD-7653B5686554}.Release|Any CPU.Build.0 = Release|Any CPU
		{81C08A79-49EE-4AE9-ACBB-871CE9AA9039}.Debug|Any CPU.ActiveCfg = Debug|Any CPU
		{81C08A79-49EE-4AE9-ACBB-871CE9AA9039}.Debug|Any CPU.Build.0 = Debug|Any CPU
		{81C08A79-49EE-4AE9-ACBB-871CE9AA9039}.Release|Any CPU.ActiveCfg = Release|Any CPU
		{81C08A79-49EE-4AE9-ACBB-871CE9AA9039}.Release|Any CPU.Build.0 = Release|Any CPU
		{0D656385-30A9-4B26-9AAE-9F510CB73A42}.Debug|Any CPU.ActiveCfg = Debug|Any CPU
		{0D656385-30A9-4B26-9AAE-9F510CB73A42}.Debug|Any CPU.Build.0 = Debug|Any CPU
		{0D656385-30A9-4B26-9AAE-9F510CB73A42}.Release|Any CPU.ActiveCfg = Release|Any CPU
		{0D656385-30A9-4B26-9AAE-9F510CB73A42}.Release|Any CPU.Build.0 = Release|Any CPU
		{2E8F8F21-CA9E-481D-BAB9-51A2D52306DC}.Debug|Any CPU.ActiveCfg = Debug|Any CPU
		{2E8F8F21-CA9E-481D-BAB9-51A2D52306DC}.Debug|Any CPU.Build.0 = Debug|Any CPU
		{2E8F8F21-CA9E-481D-BAB9-51A2D52306DC}.Release|Any CPU.ActiveCfg = Release|Any CPU
		{2E8F8F21-CA9E-481D-BAB9-51A2D52306DC}.Release|Any CPU.Build.0 = Release|Any CPU
		{C90EB884-B98C-41F6-AD72-87BA0BBCF298}.Debug|Any CPU.ActiveCfg = Debug|Any CPU
		{C90EB884-B98C-41F6-AD72-87BA0BBCF298}.Debug|Any CPU.Build.0 = Debug|Any CPU
		{C90EB884-B98C-41F6-AD72-87BA0BBCF298}.Release|Any CPU.ActiveCfg = Release|Any CPU
		{C90EB884-B98C-41F6-AD72-87BA0BBCF298}.Release|Any CPU.Build.0 = Release|Any CPU
		{8E52FD66-4A06-45DF-AA17-6680F1C7DB8C}.Debug|Any CPU.ActiveCfg = Debug|Any CPU
		{8E52FD66-4A06-45DF-AA17-6680F1C7DB8C}.Debug|Any CPU.Build.0 = Debug|Any CPU
		{8E52FD66-4A06-45DF-AA17-6680F1C7DB8C}.Release|Any CPU.ActiveCfg = Release|Any CPU
		{8E52FD66-4A06-45DF-AA17-6680F1C7DB8C}.Release|Any CPU.Build.0 = Release|Any CPU
		{DF63A06B-26DB-42FE-845F-22868EDF552C}.Debug|Any CPU.ActiveCfg = Debug|Any CPU
		{DF63A06B-26DB-42FE-845F-22868EDF552C}.Debug|Any CPU.Build.0 = Debug|Any CPU
		{DF63A06B-26DB-42FE-845F-22868EDF552C}.Release|Any CPU.ActiveCfg = Release|Any CPU
		{DF63A06B-26DB-42FE-845F-22868EDF552C}.Release|Any CPU.Build.0 = Release|Any CPU
		{D883DD47-A8CD-42A5-B1CE-15A88F5FCFDF}.Debug|Any CPU.ActiveCfg = Debug|Any CPU
		{D883DD47-A8CD-42A5-B1CE-15A88F5FCFDF}.Debug|Any CPU.Build.0 = Debug|Any CPU
		{D883DD47-A8CD-42A5-B1CE-15A88F5FCFDF}.Release|Any CPU.ActiveCfg = Release|Any CPU
		{D883DD47-A8CD-42A5-B1CE-15A88F5FCFDF}.Release|Any CPU.Build.0 = Release|Any CPU
		{A4BF5BEB-6D24-479D-BCB1-32D5DE035B25}.Debug|Any CPU.ActiveCfg = Debug|Any CPU
		{A4BF5BEB-6D24-479D-BCB1-32D5DE035B25}.Debug|Any CPU.Build.0 = Debug|Any CPU
		{A4BF5BEB-6D24-479D-BCB1-32D5DE035B25}.Release|Any CPU.ActiveCfg = Release|Any CPU
		{A4BF5BEB-6D24-479D-BCB1-32D5DE035B25}.Release|Any CPU.Build.0 = Release|Any CPU
		{92BCE870-0C2D-43AE-8424-1C43BA74AB44}.Debug|Any CPU.ActiveCfg = Debug|Any CPU
		{92BCE870-0C2D-43AE-8424-1C43BA74AB44}.Debug|Any CPU.Build.0 = Debug|Any CPU
		{92BCE870-0C2D-43AE-8424-1C43BA74AB44}.Release|Any CPU.ActiveCfg = Release|Any CPU
		{92BCE870-0C2D-43AE-8424-1C43BA74AB44}.Release|Any CPU.Build.0 = Release|Any CPU
		{99344464-475F-42A1-A328-595D7EC8B85B}.Debug|Any CPU.ActiveCfg = Debug|Any CPU
		{99344464-475F-42A1-A328-595D7EC8B85B}.Debug|Any CPU.Build.0 = Debug|Any CPU
		{99344464-475F-42A1-A328-595D7EC8B85B}.Release|Any CPU.ActiveCfg = Release|Any CPU
		{99344464-475F-42A1-A328-595D7EC8B85B}.Release|Any CPU.Build.0 = Release|Any CPU
		{583852D3-CC7D-482F-A614-EB3AE712ACD7}.Debug|Any CPU.ActiveCfg = Debug|Any CPU
		{583852D3-CC7D-482F-A614-EB3AE712ACD7}.Debug|Any CPU.Build.0 = Debug|Any CPU
		{583852D3-CC7D-482F-A614-EB3AE712ACD7}.Release|Any CPU.ActiveCfg = Release|Any CPU
		{583852D3-CC7D-482F-A614-EB3AE712ACD7}.Release|Any CPU.Build.0 = Release|Any CPU
		{6AB7447F-FC0A-4053-A636-D2304A5A6E07}.Debug|Any CPU.ActiveCfg = Debug|Any CPU
		{6AB7447F-FC0A-4053-A636-D2304A5A6E07}.Debug|Any CPU.Build.0 = Debug|Any CPU
		{6AB7447F-FC0A-4053-A636-D2304A5A6E07}.Release|Any CPU.ActiveCfg = Release|Any CPU
		{6AB7447F-FC0A-4053-A636-D2304A5A6E07}.Release|Any CPU.Build.0 = Release|Any CPU
		{280489DE-B6FB-4AD1-9592-EAE1D494E54C}.Debug|Any CPU.ActiveCfg = Debug|Any CPU
		{280489DE-B6FB-4AD1-9592-EAE1D494E54C}.Debug|Any CPU.Build.0 = Debug|Any CPU
		{280489DE-B6FB-4AD1-9592-EAE1D494E54C}.Release|Any CPU.ActiveCfg = Release|Any CPU
		{280489DE-B6FB-4AD1-9592-EAE1D494E54C}.Release|Any CPU.Build.0 = Release|Any CPU
		{6C5B38F0-0468-4DC3-A189-38A82B37879E}.Debug|Any CPU.ActiveCfg = Debug|Any CPU
		{6C5B38F0-0468-4DC3-A189-38A82B37879E}.Debug|Any CPU.Build.0 = Debug|Any CPU
		{6C5B38F0-0468-4DC3-A189-38A82B37879E}.Release|Any CPU.ActiveCfg = Release|Any CPU
		{6C5B38F0-0468-4DC3-A189-38A82B37879E}.Release|Any CPU.Build.0 = Release|Any CPU
		{B2D01176-F67C-4CEA-839B-11C5F25EC7AA}.Debug|Any CPU.ActiveCfg = Debug|Any CPU
		{B2D01176-F67C-4CEA-839B-11C5F25EC7AA}.Debug|Any CPU.Build.0 = Debug|Any CPU
		{B2D01176-F67C-4CEA-839B-11C5F25EC7AA}.Release|Any CPU.ActiveCfg = Release|Any CPU
		{B2D01176-F67C-4CEA-839B-11C5F25EC7AA}.Release|Any CPU.Build.0 = Release|Any CPU
		{B81D18D4-077F-43CC-BF22-B56C21B5CDA8}.Debug|Any CPU.ActiveCfg = Debug|Any CPU
		{B81D18D4-077F-43CC-BF22-B56C21B5CDA8}.Debug|Any CPU.Build.0 = Debug|Any CPU
		{B81D18D4-077F-43CC-BF22-B56C21B5CDA8}.Release|Any CPU.ActiveCfg = Release|Any CPU
		{B81D18D4-077F-43CC-BF22-B56C21B5CDA8}.Release|Any CPU.Build.0 = Release|Any CPU
		{30B9CCD7-36DF-4765-992C-55831F581AF3}.Debug|Any CPU.ActiveCfg = Debug|Any CPU
		{30B9CCD7-36DF-4765-992C-55831F581AF3}.Debug|Any CPU.Build.0 = Debug|Any CPU
		{30B9CCD7-36DF-4765-992C-55831F581AF3}.Release|Any CPU.ActiveCfg = Release|Any CPU
		{30B9CCD7-36DF-4765-992C-55831F581AF3}.Release|Any CPU.Build.0 = Release|Any CPU
		{0CBD8437-85DB-4DF2-8081-CDB9D39386C3}.Debug|Any CPU.ActiveCfg = Debug|Any CPU
		{0CBD8437-85DB-4DF2-8081-CDB9D39386C3}.Debug|Any CPU.Build.0 = Debug|Any CPU
		{0CBD8437-85DB-4DF2-8081-CDB9D39386C3}.Release|Any CPU.ActiveCfg = Release|Any CPU
		{0CBD8437-85DB-4DF2-8081-CDB9D39386C3}.Release|Any CPU.Build.0 = Release|Any CPU
	EndGlobalSection
	GlobalSection(SolutionProperties) = preSolution
		HideSolutionNode = FALSE
	EndGlobalSection
	GlobalSection(NestedProjects) = preSolution
		{2CE2C48A-8E84-409F-99A7-50309BFF7524} = {510321BD-CD69-4007-8476-FC590C94FE68}
		{E2022107-8E36-40D7-B95D-F610433D359A} = {510321BD-CD69-4007-8476-FC590C94FE68}
		{C1AF20BF-E440-48A2-A503-AEF8A5CBEDB5} = {510321BD-CD69-4007-8476-FC590C94FE68}
		{5C1E20CE-E537-4208-BC04-D07ABB3BEE08} = {510321BD-CD69-4007-8476-FC590C94FE68}
		{60E53E6D-8B0A-4753-BA3F-908B4503CF77} = {510321BD-CD69-4007-8476-FC590C94FE68}
		{C5B28107-F8D8-4AFB-9D54-FAF8DFDABF2B} = {510321BD-CD69-4007-8476-FC590C94FE68}
		{5BD24130-AD63-424B-BEEE-B2CC575224FF} = {510321BD-CD69-4007-8476-FC590C94FE68}
		{E145C938-6678-450E-8189-77F221C6EC5D} = {510321BD-CD69-4007-8476-FC590C94FE68}
		{00D10CF2-E746-456D-BAAD-17EBF3F67C31} = {510321BD-CD69-4007-8476-FC590C94FE68}
		{74EF7932-F301-47F0-9961-0544342ACEB4} = {510321BD-CD69-4007-8476-FC590C94FE68}
		{737ABB17-3C0C-4F12-AE80-DFAE0C58FEEE} = {510321BD-CD69-4007-8476-FC590C94FE68}
		{13508069-81ED-4AB9-B9E9-53993D26C562} = {510321BD-CD69-4007-8476-FC590C94FE68}
		{A9012D95-2611-4B6B-B1A9-5D6905A55DEC} = {510321BD-CD69-4007-8476-FC590C94FE68}
		{435E951F-9B91-4F8F-AE98-C963296B6C65} = {510321BD-CD69-4007-8476-FC590C94FE68}
		{D125C7F3-554F-4B0F-848B-173304EC816C} = {510321BD-CD69-4007-8476-FC590C94FE68}
		{FD028C49-AD91-42BA-83DA-570F2124D43F} = {510321BD-CD69-4007-8476-FC590C94FE68}
		{6B48F44B-719D-4D01-AD0A-B5CB14921A9A} = {510321BD-CD69-4007-8476-FC590C94FE68}
		{F647B689-F3E4-4685-9B89-0AEA6E43C4EF} = {510321BD-CD69-4007-8476-FC590C94FE68}
		{E3B839AD-99A1-47C1-AF39-47607F3AFC26} = {510321BD-CD69-4007-8476-FC590C94FE68}
		{37D06052-CD4E-4923-9865-A266C31595C6} = {510321BD-CD69-4007-8476-FC590C94FE68}
		{7592D6AF-A65F-4DFF-8A0D-66E8F5780CDA} = {510321BD-CD69-4007-8476-FC590C94FE68}
		{DA75D2D5-8448-46BD-BC36-76F5DFEC78B0} = {510321BD-CD69-4007-8476-FC590C94FE68}
		{2380BE84-A1EF-44C6-BAB0-FA7C2ECB3C43} = {510321BD-CD69-4007-8476-FC590C94FE68}
		{AD24DF08-E003-4745-B344-1D4EFB822B48} = {510321BD-CD69-4007-8476-FC590C94FE68}
		{A6F2BA0A-60B8-4AEC-9240-E4B65C3B1BA3} = {510321BD-CD69-4007-8476-FC590C94FE68}
		{C21FD530-D3BD-43DA-9E21-2DF995CAA1CD} = {B09474F1-CF85-459C-B7D1-6FA10A97F948}
		{DDAF4F3D-529E-4655-A8F1-6742A6A2AD6E} = {B09474F1-CF85-459C-B7D1-6FA10A97F948}
		{891E3796-F5ED-4485-B1D0-FA5C5BCC3EE5} = {B09474F1-CF85-459C-B7D1-6FA10A97F948}
		{6FC243B4-42B2-4E4F-BAA4-AF7190BCCD09} = {B09474F1-CF85-459C-B7D1-6FA10A97F948}
		{11448B42-29C4-4EAE-9FA5-AFEE0BC84B7E} = {B09474F1-CF85-459C-B7D1-6FA10A97F948}
		{EBF5E74A-C93E-4CF8-9294-C5371050B880} = {B09474F1-CF85-459C-B7D1-6FA10A97F948}
		{EB28DB6D-D470-4C68-A401-23C1FA54BA8B} = {B09474F1-CF85-459C-B7D1-6FA10A97F948}
		{6A1599CB-442F-417B-97D4-D1F7928EFE2F} = {B09474F1-CF85-459C-B7D1-6FA10A97F948}
		{BFD7B76A-35D8-45D7-BD7F-A73F855C6D55} = {B09474F1-CF85-459C-B7D1-6FA10A97F948}
		{6187E566-9840-4B79-B519-54C986D8C7DF} = {B09474F1-CF85-459C-B7D1-6FA10A97F948}
		{AE416E1B-771D-4E6C-8277-5B5D1241E771} = {B09474F1-CF85-459C-B7D1-6FA10A97F948}
		{25E98A00-9FEE-4F4D-9D49-D0C908CCC913} = {B09474F1-CF85-459C-B7D1-6FA10A97F948}
		{F6DA9F9C-5239-4CB3-B62A-5FD1785DD33B} = {B09474F1-CF85-459C-B7D1-6FA10A97F948}
		{170A0DE2-2396-421B-9818-0AA5DC7A64EA} = {B09474F1-CF85-459C-B7D1-6FA10A97F948}
		{EA7A5D58-F609-4438-8FEC-6FAF59481140} = {B09474F1-CF85-459C-B7D1-6FA10A97F948}
		{D689CF0C-F824-4A50-9A84-40FF390D0B51} = {B09474F1-CF85-459C-B7D1-6FA10A97F948}
		{A151509E-9309-46B3-A013-717BE484672B} = {B09474F1-CF85-459C-B7D1-6FA10A97F948}
		{02DEABBA-5FD5-47E2-83E9-71E479368C80} = {B09474F1-CF85-459C-B7D1-6FA10A97F948}
		{1A7F678C-BDC2-47A1-8A77-FAE3B2551574} = {B09474F1-CF85-459C-B7D1-6FA10A97F948}
		{5C224EE0-AE7B-46C4-823B-2AA7D1A534A9} = {B09474F1-CF85-459C-B7D1-6FA10A97F948}
		{40744DBF-3125-4F1C-A805-95E84ACBD967} = {B09474F1-CF85-459C-B7D1-6FA10A97F948}
		{9905B50A-4094-4981-99A4-3B1F332E0878} = {B09474F1-CF85-459C-B7D1-6FA10A97F948}
		{92A6A2C4-3A89-4A78-9DC9-B78E6AC49565} = {B09474F1-CF85-459C-B7D1-6FA10A97F948}
		{4E550BFC-1D4B-4D5C-9B4C-446B96DE3269} = {B09474F1-CF85-459C-B7D1-6FA10A97F948}
		{44BC54DD-02B1-46D3-8F6C-AEEC9184494F} = {B09474F1-CF85-459C-B7D1-6FA10A97F948}
		{2483DC82-625F-4B59-B707-4BEC95B42928} = {B09474F1-CF85-459C-B7D1-6FA10A97F948}
		{D853ED06-7955-4FC5-ABD6-2A576E646BDA} = {B09474F1-CF85-459C-B7D1-6FA10A97F948}
		{EF6EEFE9-9F4E-4D0A-9A7E-EB0A3E372CDD} = {B09474F1-CF85-459C-B7D1-6FA10A97F948}
		{241BB52D-9205-457D-BE11-CE4693CC7BA7} = {B09474F1-CF85-459C-B7D1-6FA10A97F948}
		{27FCDA23-9B09-4CA7-819E-CF835CE18E7B} = {B09474F1-CF85-459C-B7D1-6FA10A97F948}
		{DE66B2AE-0FD5-4E4B-B347-41AB7747A014} = {B09474F1-CF85-459C-B7D1-6FA10A97F948}
		{DC27236D-7124-431A-B738-757B5CB8A3FC} = {B09474F1-CF85-459C-B7D1-6FA10A97F948}
		{7A9DF7C2-09AB-4550-9068-11941EE52179} = {B09474F1-CF85-459C-B7D1-6FA10A97F948}
		{D0AA6602-1278-44DD-BFFD-62A5ABC290DD} = {B09474F1-CF85-459C-B7D1-6FA10A97F948}
		{AEEDAC1A-061B-4A40-BF27-A3A3A7A90C31} = {B09474F1-CF85-459C-B7D1-6FA10A97F948}
		{28744484-BF49-4EE3-953F-D7F4E1E69A95} = {B09474F1-CF85-459C-B7D1-6FA10A97F948}
		{B1B487C2-8F4A-41B0-9D55-56F68CD33F43} = {B09474F1-CF85-459C-B7D1-6FA10A97F948}
		{2DD58451-8F30-42C1-9571-C54F2C5CC092} = {B09474F1-CF85-459C-B7D1-6FA10A97F948}
		{EB086115-932C-466F-B6AD-AF918BBCF42E} = {B09474F1-CF85-459C-B7D1-6FA10A97F948}
		{3F26D5B5-49F8-4956-AB79-21032CCBABDB} = {B09474F1-CF85-459C-B7D1-6FA10A97F948}
		{CAEF677F-FE1A-4A25-A137-FE9ECADDE08A} = {B09474F1-CF85-459C-B7D1-6FA10A97F948}
		{9FB50404-FF27-49D1-905B-72DD2CD2E34C} = {B09474F1-CF85-459C-B7D1-6FA10A97F948}
		{F00FFF77-6B5B-41F9-80DC-2F5509775774} = {B09474F1-CF85-459C-B7D1-6FA10A97F948}
		{1E172239-B5B4-45F4-A399-4782A54684B5} = {B09474F1-CF85-459C-B7D1-6FA10A97F948}
		{4DDB71B8-51E1-4494-B8FE-23AA53D22952} = {B09474F1-CF85-459C-B7D1-6FA10A97F948}
		{9E2406FA-631E-492B-9C63-DEB8ED9EB400} = {B09474F1-CF85-459C-B7D1-6FA10A97F948}
		{4A798925-DFF3-4795-940A-5F86C88BDC34} = {B09474F1-CF85-459C-B7D1-6FA10A97F948}
		{9E6C7A11-ADE8-4216-A13B-6D42B6E60297} = {B09474F1-CF85-459C-B7D1-6FA10A97F948}
		{A97D20F1-FBF5-451D-9884-58E68153C64B} = {B09474F1-CF85-459C-B7D1-6FA10A97F948}
		{EE8EB0F2-1975-46FA-8975-FEE9982031F8} = {B09474F1-CF85-459C-B7D1-6FA10A97F948}
		{4A705548-1947-4C22-8CAC-567E9C267979} = {B09474F1-CF85-459C-B7D1-6FA10A97F948}
		{0696FB15-2672-4BE9-A781-1BE528449F51} = {B09474F1-CF85-459C-B7D1-6FA10A97F948}
		{7FD21A96-5568-4945-8DC6-9C6FE9D03E15} = {B09474F1-CF85-459C-B7D1-6FA10A97F948}
		{D7394405-2372-4046-9FFC-2F1EA6926010} = {2A7C759B-416F-4983-B9C5-604FFF67E571}
		{AC27F813-7B9D-4A79-98D0-0C4AA7046E77} = {D7394405-2372-4046-9FFC-2F1EA6926010}
		{F3B95846-A64C-4917-880D-6D920CC24F2B} = {AC27F813-7B9D-4A79-98D0-0C4AA7046E77}
		{3DD1A700-E5D7-4BAA-BD37-E41F6409EE76} = {AC27F813-7B9D-4A79-98D0-0C4AA7046E77}
		{6C646D16-6804-491E-BD38-3E2219DF0812} = {AC27F813-7B9D-4A79-98D0-0C4AA7046E77}
		{A6338140-FCC1-461B-A3B3-D93CE8332032} = {AC27F813-7B9D-4A79-98D0-0C4AA7046E77}
		{D6F10E85-83F7-43E7-AFA8-DDEB1708C789} = {2A7C759B-416F-4983-B9C5-604FFF67E571}
		{4E6B413D-98AE-4DF7-9E5F-7A602148262F} = {D6F10E85-83F7-43E7-AFA8-DDEB1708C789}
		{D901E21E-3C48-4E76-A76B-84F5BD2927F3} = {4E6B413D-98AE-4DF7-9E5F-7A602148262F}
		{20FF80FA-5A68-447D-9185-408D5D4598BC} = {4E6B413D-98AE-4DF7-9E5F-7A602148262F}
		{2EFBD9A9-C236-4A40-A850-2F61F4130A67} = {4E6B413D-98AE-4DF7-9E5F-7A602148262F}
		{960EA1AA-A665-401F-8CC6-42EC98E24F3C} = {2A7C759B-416F-4983-B9C5-604FFF67E571}
		{26F4E7EE-D3FF-4B43-8DA7-EA1B8E7EC9BD} = {960EA1AA-A665-401F-8CC6-42EC98E24F3C}
		{F49CDD79-C4C6-4069-AE75-701998BC2ED6} = {26F4E7EE-D3FF-4B43-8DA7-EA1B8E7EC9BD}
		{0706FA5D-16B0-4D36-8409-26C2113E13FB} = {26F4E7EE-D3FF-4B43-8DA7-EA1B8E7EC9BD}
		{EE6375A5-3061-4BF6-A40E-261F4BB2B7DC} = {26F4E7EE-D3FF-4B43-8DA7-EA1B8E7EC9BD}
		{E2800B47-35B5-4492-A694-6CECDA5B5D96} = {26F4E7EE-D3FF-4B43-8DA7-EA1B8E7EC9BD}
		{39477673-1525-47EE-8E12-36C7DC83FA70} = {26F4E7EE-D3FF-4B43-8DA7-EA1B8E7EC9BD}
		{5FC9AEC8-D4EB-4CD6-AF36-2B4227B5FCF0} = {2A7C759B-416F-4983-B9C5-604FFF67E571}
		{3E92AD7C-E49E-449D-BAEA-A140205C1DBA} = {5FC9AEC8-D4EB-4CD6-AF36-2B4227B5FCF0}
		{9340D487-6ED5-4D6D-9CD8-C909AAE2DF16} = {3E92AD7C-E49E-449D-BAEA-A140205C1DBA}
		{8A074D8D-E3CB-4EAE-B134-6E105E41F01F} = {3E92AD7C-E49E-449D-BAEA-A140205C1DBA}
		{EA0F82CB-D4C6-4C5A-A312-5A07F6FFFD32} = {3E92AD7C-E49E-449D-BAEA-A140205C1DBA}
		{11DDB400-5F60-4C47-A56C-F2B9C70AD221} = {2A7C759B-416F-4983-B9C5-604FFF67E571}
		{0C8858DC-CA2B-46A7-B4B2-D78E0B5E159B} = {11DDB400-5F60-4C47-A56C-F2B9C70AD221}
		{0C780847-5DB3-428D-B3AD-7653B5686554} = {0C8858DC-CA2B-46A7-B4B2-D78E0B5E159B}
		{81C08A79-49EE-4AE9-ACBB-871CE9AA9039} = {0C8858DC-CA2B-46A7-B4B2-D78E0B5E159B}
		{0D656385-30A9-4B26-9AAE-9F510CB73A42} = {0C8858DC-CA2B-46A7-B4B2-D78E0B5E159B}
		{2E8F8F21-CA9E-481D-BAB9-51A2D52306DC} = {0C8858DC-CA2B-46A7-B4B2-D78E0B5E159B}
		{E8A1666D-2131-4A15-9715-DA0E2A0D5F65} = {2A7C759B-416F-4983-B9C5-604FFF67E571}
		{2551FBDD-96A7-48E4-9BB5-E2869A75B6D0} = {E8A1666D-2131-4A15-9715-DA0E2A0D5F65}
		{C90EB884-B98C-41F6-AD72-87BA0BBCF298} = {2551FBDD-96A7-48E4-9BB5-E2869A75B6D0}
		{8E52FD66-4A06-45DF-AA17-6680F1C7DB8C} = {2551FBDD-96A7-48E4-9BB5-E2869A75B6D0}
		{F9FD3989-1CD5-4A94-A033-F4273BD9B012} = {2A7C759B-416F-4983-B9C5-604FFF67E571}
		{F54525C0-7821-4564-A54E-B8CE3642B8F1} = {F9FD3989-1CD5-4A94-A033-F4273BD9B012}
		{DF63A06B-26DB-42FE-845F-22868EDF552C} = {F54525C0-7821-4564-A54E-B8CE3642B8F1}
		{D883DD47-A8CD-42A5-B1CE-15A88F5FCFDF} = {F54525C0-7821-4564-A54E-B8CE3642B8F1}
		{A4BF5BEB-6D24-479D-BCB1-32D5DE035B25} = {F54525C0-7821-4564-A54E-B8CE3642B8F1}
		{92BCE870-0C2D-43AE-8424-1C43BA74AB44} = {F54525C0-7821-4564-A54E-B8CE3642B8F1}
		{BE39C778-9670-41DE-91F4-E08366D59E8C} = {2A7C759B-416F-4983-B9C5-604FFF67E571}
		{07CE775E-FB2D-4234-ACB0-5C79AC41FB65} = {BE39C778-9670-41DE-91F4-E08366D59E8C}
		{99344464-475F-42A1-A328-595D7EC8B85B} = {07CE775E-FB2D-4234-ACB0-5C79AC41FB65}
		{583852D3-CC7D-482F-A614-EB3AE712ACD7} = {07CE775E-FB2D-4234-ACB0-5C79AC41FB65}
		{6AB7447F-FC0A-4053-A636-D2304A5A6E07} = {07CE775E-FB2D-4234-ACB0-5C79AC41FB65}
		{280489DE-B6FB-4AD1-9592-EAE1D494E54C} = {07CE775E-FB2D-4234-ACB0-5C79AC41FB65}
		{6C5B38F0-0468-4DC3-A189-38A82B37879E} = {07CE775E-FB2D-4234-ACB0-5C79AC41FB65}
		{B2D01176-F67C-4CEA-839B-11C5F25EC7AA} = {07CE775E-FB2D-4234-ACB0-5C79AC41FB65}
		{B81D18D4-077F-43CC-BF22-B56C21B5CDA8} = {07CE775E-FB2D-4234-ACB0-5C79AC41FB65}
		{E10802FD-F34A-4266-978B-5E12B5F146A5} = {2A7C759B-416F-4983-B9C5-604FFF67E571}
		{F509F681-A309-4B0F-939E-2F15158573B4} = {E10802FD-F34A-4266-978B-5E12B5F146A5}
		{30B9CCD7-36DF-4765-992C-55831F581AF3} = {F509F681-A309-4B0F-939E-2F15158573B4}
		{0CBD8437-85DB-4DF2-8081-CDB9D39386C3} = {F509F681-A309-4B0F-939E-2F15158573B4}
	EndGlobalSection
	GlobalSection(ExtensibilityGlobals) = postSolution
		SolutionGuid = {1165FFC5-4536-468A-BD76-32924264BD8A}
	EndGlobalSection
EndGlobal
